# THIS IS AN AUTOGENERATED FILE. DO NOT EDIT THIS FILE DIRECTLY.
# yarn lockfile v1


"@ethersproject/abi@5.1.1", "@ethersproject/abi@^5.1.0":
  version "5.1.1"
  resolved "https://registry.yarnpkg.com/@ethersproject/abi/-/abi-5.1.1.tgz#79525f582338d98660ac709c65b44c3c081ed2fc"
  integrity sha512-UNmhRL4ngm1nCWvhJWRd55PvP1JWojGD4BR63JxyiiWZQAszYzaHHeYdRcj+NY3S0kV6SmAS2dZWSBOZPnXbSw==
  dependencies:
    "@ethersproject/address" "^5.1.0"
    "@ethersproject/bignumber" "^5.1.0"
    "@ethersproject/bytes" "^5.1.0"
    "@ethersproject/constants" "^5.1.0"
    "@ethersproject/hash" "^5.1.0"
    "@ethersproject/keccak256" "^5.1.0"
    "@ethersproject/logger" "^5.1.0"
    "@ethersproject/properties" "^5.1.0"
    "@ethersproject/strings" "^5.1.0"

"@ethersproject/abstract-provider@5.1.0", "@ethersproject/abstract-provider@^5.1.0":
  version "5.1.0"
  resolved "https://registry.yarnpkg.com/@ethersproject/abstract-provider/-/abstract-provider-5.1.0.tgz#1f24c56cda5524ef4ed3cfc562a01d6b6f8eeb0b"
  integrity sha512-8dJUnT8VNvPwWhYIau4dwp7qe1g+KgdRm4XTWvjkI9gAT2zZa90WF5ApdZ3vl1r6NDmnn6vUVvyphClRZRteTQ==
  dependencies:
    "@ethersproject/bignumber" "^5.1.0"
    "@ethersproject/bytes" "^5.1.0"
    "@ethersproject/logger" "^5.1.0"
    "@ethersproject/networks" "^5.1.0"
    "@ethersproject/properties" "^5.1.0"
    "@ethersproject/transactions" "^5.1.0"
    "@ethersproject/web" "^5.1.0"

"@ethersproject/abstract-signer@5.1.0", "@ethersproject/abstract-signer@^5.1.0":
  version "5.1.0"
  resolved "https://registry.yarnpkg.com/@ethersproject/abstract-signer/-/abstract-signer-5.1.0.tgz#744c7a2d0ebe3cc0bc38294d0f53d5ca3f4e49e3"
  integrity sha512-qQDMkjGZSSJSKl6AnfTgmz9FSnzq3iEoEbHTYwjDlEAv+LNP7zd4ixCcVWlWyk+2siud856M5CRhAmPdupeN9w==
  dependencies:
    "@ethersproject/abstract-provider" "^5.1.0"
    "@ethersproject/bignumber" "^5.1.0"
    "@ethersproject/bytes" "^5.1.0"
    "@ethersproject/logger" "^5.1.0"
    "@ethersproject/properties" "^5.1.0"

"@ethersproject/address@5.1.0", "@ethersproject/address@^5.1.0":
  version "5.1.0"
  resolved "https://registry.yarnpkg.com/@ethersproject/address/-/address-5.1.0.tgz#3854fd7ebcb6af7597de66f847c3345dae735b58"
  integrity sha512-rfWQR12eHn2cpstCFS4RF7oGjfbkZb0oqep+BfrT+gWEGWG2IowJvIsacPOvzyS1jhNF4MQ4BS59B04Mbovteg==
  dependencies:
    "@ethersproject/bignumber" "^5.1.0"
    "@ethersproject/bytes" "^5.1.0"
    "@ethersproject/keccak256" "^5.1.0"
    "@ethersproject/logger" "^5.1.0"
    "@ethersproject/rlp" "^5.1.0"

"@ethersproject/base64@5.1.0", "@ethersproject/base64@^5.1.0":
  version "5.1.0"
  resolved "https://registry.yarnpkg.com/@ethersproject/base64/-/base64-5.1.0.tgz#27240c174d0a4e13f6eae87416fd876caf7f42b6"
  integrity sha512-npD1bLvK4Bcxz+m4EMkx+F8Rd7CnqS9DYnhNu0/GlQBXhWjvfoAZzk5HJ0f1qeyp8d+A86PTuzLOGOXf4/CN8g==
  dependencies:
    "@ethersproject/bytes" "^5.1.0"

"@ethersproject/basex@5.1.0", "@ethersproject/basex@^5.1.0":
  version "5.1.0"
  resolved "https://registry.yarnpkg.com/@ethersproject/basex/-/basex-5.1.0.tgz#80da2e86f9da0cb5ccd446b337364d791f6a131c"
  integrity sha512-vBKr39bum7DDbOvkr1Sj19bRMEPA4FnST6Utt6xhDzI7o7L6QNkDn2yrCfP+hnvJGhZFKtLygWwqlTBZoBXYLg==
  dependencies:
    "@ethersproject/bytes" "^5.1.0"
    "@ethersproject/properties" "^5.1.0"

"@ethersproject/bignumber@5.1.1", "@ethersproject/bignumber@^5.1.0":
  version "5.1.1"
  resolved "https://registry.yarnpkg.com/@ethersproject/bignumber/-/bignumber-5.1.1.tgz#84812695253ccbc639117f7ac49ee1529b68e637"
  integrity sha512-AVz5iqz7+70RIqoQTznsdJ6DOVBYciNlvO+AlQmPTB6ofCvoihI9bQdr6wljsX+d5W7Yc4nyvQvP4JMzg0Agig==
  dependencies:
    "@ethersproject/bytes" "^5.1.0"
    "@ethersproject/logger" "^5.1.0"
    bn.js "^4.4.0"

"@ethersproject/bytes@5.1.0", "@ethersproject/bytes@^5.1.0":
  version "5.1.0"
  resolved "https://registry.yarnpkg.com/@ethersproject/bytes/-/bytes-5.1.0.tgz#55dfa9c4c21df1b1b538be3accb50fb76d5facfd"
  integrity sha512-sGTxb+LVjFxJcJeUswAIK6ncgOrh3D8c192iEJd7mLr95V6du119rRfYT/b87WPkZ5I3gRBUYIYXtdgCWACe8g==
  dependencies:
    "@ethersproject/logger" "^5.1.0"

"@ethersproject/constants@5.1.0", "@ethersproject/constants@^5.1.0":
  version "5.1.0"
  resolved "https://registry.yarnpkg.com/@ethersproject/constants/-/constants-5.1.0.tgz#4e7da6367ea0e9be87585d8b09f3fccf384b1452"
  integrity sha512-0/SuHrxc8R8k+JiLmJymxHJbojUDWBQqO+b+XFdwaP0jGzqC09YDy/CAlSZB6qHsBifY8X3I89HcK/oMqxRdBw==
  dependencies:
    "@ethersproject/bignumber" "^5.1.0"

"@ethersproject/contracts@5.1.1":
  version "5.1.1"
  resolved "https://registry.yarnpkg.com/@ethersproject/contracts/-/contracts-5.1.1.tgz#c66cb6d618fcbd73e20a6b808e8f768b2b781d0b"
  integrity sha512-6WwktLJ0DFWU8pDkgH4IGttQHhQN4SnwKFu9h+QYVe48VGWtbDu4W8/q/7QA1u/HWlWMrKxqawPiZUJj0UMvOw==
  dependencies:
    "@ethersproject/abi" "^5.1.0"
    "@ethersproject/abstract-provider" "^5.1.0"
    "@ethersproject/abstract-signer" "^5.1.0"
    "@ethersproject/address" "^5.1.0"
    "@ethersproject/bignumber" "^5.1.0"
    "@ethersproject/bytes" "^5.1.0"
    "@ethersproject/constants" "^5.1.0"
    "@ethersproject/logger" "^5.1.0"
    "@ethersproject/properties" "^5.1.0"
    "@ethersproject/transactions" "^5.1.0"

"@ethersproject/hash@5.1.0", "@ethersproject/hash@^5.1.0":
  version "5.1.0"
  resolved "https://registry.yarnpkg.com/@ethersproject/hash/-/hash-5.1.0.tgz#40961d64837d57f580b7b055e0d74174876d891e"
  integrity sha512-fNwry20yLLPpnRRwm3fBL+2ksgO+KMadxM44WJmRIoTKzy4269+rbq9KFoe2LTqq2CXJM2CE70beGaNrpuqflQ==
  dependencies:
    "@ethersproject/abstract-signer" "^5.1.0"
    "@ethersproject/address" "^5.1.0"
    "@ethersproject/bignumber" "^5.1.0"
    "@ethersproject/bytes" "^5.1.0"
    "@ethersproject/keccak256" "^5.1.0"
    "@ethersproject/logger" "^5.1.0"
    "@ethersproject/properties" "^5.1.0"
    "@ethersproject/strings" "^5.1.0"

"@ethersproject/hdnode@5.1.0", "@ethersproject/hdnode@^5.1.0":
  version "5.1.0"
  resolved "https://registry.yarnpkg.com/@ethersproject/hdnode/-/hdnode-5.1.0.tgz#2bf5c4048935136ce83e9242e1bd570afcc0bc83"
  integrity sha512-obIWdlujloExPHWJGmhJO/sETOOo7SEb6qemV4f8kyFoXg+cJK+Ta9SvBrj7hsUK85n3LZeZJZRjjM7oez3Clg==
  dependencies:
    "@ethersproject/abstract-signer" "^5.1.0"
    "@ethersproject/basex" "^5.1.0"
    "@ethersproject/bignumber" "^5.1.0"
    "@ethersproject/bytes" "^5.1.0"
    "@ethersproject/logger" "^5.1.0"
    "@ethersproject/pbkdf2" "^5.1.0"
    "@ethersproject/properties" "^5.1.0"
    "@ethersproject/sha2" "^5.1.0"
    "@ethersproject/signing-key" "^5.1.0"
    "@ethersproject/strings" "^5.1.0"
    "@ethersproject/transactions" "^5.1.0"
    "@ethersproject/wordlists" "^5.1.0"

"@ethersproject/json-wallets@5.1.0", "@ethersproject/json-wallets@^5.1.0":
  version "5.1.0"
  resolved "https://registry.yarnpkg.com/@ethersproject/json-wallets/-/json-wallets-5.1.0.tgz#bba7af2e520e8aea4d3829d80520db5d2e4fb8d2"
  integrity sha512-00n2iBy27w8zrGZSiU762UOVuzCQZxUZxopsZC47++js6xUFuI74DHcJ5K/2pddlF1YBskvmMuboEu1geK8mnA==
  dependencies:
    "@ethersproject/abstract-signer" "^5.1.0"
    "@ethersproject/address" "^5.1.0"
    "@ethersproject/bytes" "^5.1.0"
    "@ethersproject/hdnode" "^5.1.0"
    "@ethersproject/keccak256" "^5.1.0"
    "@ethersproject/logger" "^5.1.0"
    "@ethersproject/pbkdf2" "^5.1.0"
    "@ethersproject/properties" "^5.1.0"
    "@ethersproject/random" "^5.1.0"
    "@ethersproject/strings" "^5.1.0"
    "@ethersproject/transactions" "^5.1.0"
    aes-js "3.0.0"
    scrypt-js "3.0.1"

"@ethersproject/keccak256@5.1.0", "@ethersproject/keccak256@^5.1.0":
  version "5.1.0"
  resolved "https://registry.yarnpkg.com/@ethersproject/keccak256/-/keccak256-5.1.0.tgz#fdcd88fb13bfef4271b225cdd8dec4d315c8e60e"
  integrity sha512-vrTB1W6AEYoadww5c9UyVJ2YcSiyIUTNDRccZIgwTmFFoSHwBtcvG1hqy9RzJ1T0bMdATbM9Hfx2mJ6H0i7Hig==
  dependencies:
    "@ethersproject/bytes" "^5.1.0"
    js-sha3 "0.5.7"

"@ethersproject/logger@5.1.0", "@ethersproject/logger@^5.1.0":
  version "5.1.0"
  resolved "https://registry.yarnpkg.com/@ethersproject/logger/-/logger-5.1.0.tgz#4cdeeefac029373349d5818f39c31b82cc6d9bbf"
  integrity sha512-wtUaD1lBX10HBXjjKV9VHCBnTdUaKQnQ2XSET1ezglqLdPdllNOIlLfhyCRqXm5xwcjExVI5ETokOYfjPtaAlw==

"@ethersproject/networks@5.1.0", "@ethersproject/networks@^5.1.0":
  version "5.1.0"
  resolved "https://registry.yarnpkg.com/@ethersproject/networks/-/networks-5.1.0.tgz#f537290cb05aa6dc5e81e910926c04cfd5814bca"
  integrity sha512-A/NIrIED/G/IgU1XUukOA3WcFRxn2I4O5GxsYGA5nFlIi+UZWdGojs85I1VXkR1gX9eFnDXzjE6OtbgZHjFhIA==
  dependencies:
    "@ethersproject/logger" "^5.1.0"

"@ethersproject/pbkdf2@5.1.0", "@ethersproject/pbkdf2@^5.1.0":
  version "5.1.0"
  resolved "https://registry.yarnpkg.com/@ethersproject/pbkdf2/-/pbkdf2-5.1.0.tgz#6b740a85dc780e879338af74856ca2c0d3b24d19"
  integrity sha512-B8cUbHHTgs8OtgJIafrRcz/YPDobVd5Ru8gTnShOiM9EBuFpYHQpq3+8iQJ6pyczDu6HP/oc/njAsIBhwFZYew==
  dependencies:
    "@ethersproject/bytes" "^5.1.0"
    "@ethersproject/sha2" "^5.1.0"

"@ethersproject/properties@5.1.0", "@ethersproject/properties@^5.1.0":
  version "5.1.0"
  resolved "https://registry.yarnpkg.com/@ethersproject/properties/-/properties-5.1.0.tgz#9484bd6def16595fc6e4bdc26f29dff4d3f6ac42"
  integrity sha512-519KKTwgmH42AQL3+GFV3SX6khYEfHsvI6v8HYejlkigSDuqttdgVygFTDsGlofNFchhDwuclrxQnD5B0YLNMg==
  dependencies:
    "@ethersproject/logger" "^5.1.0"

"@ethersproject/providers@5.1.2":
  version "5.1.2"
  resolved "https://registry.yarnpkg.com/@ethersproject/providers/-/providers-5.1.2.tgz#4e4459698903f911402fe91aa7544eb07f3921ed"
  integrity sha512-GqsS8rd+eyd4eNkcNgzZ4l9IRULBPUZa7JPnv22k4MHflMobUseyhfbVnmoN5bVNNkOxjV1IPTw9i0sV1hwdpg==
  dependencies:
    "@ethersproject/abstract-provider" "^5.1.0"
    "@ethersproject/abstract-signer" "^5.1.0"
    "@ethersproject/address" "^5.1.0"
    "@ethersproject/basex" "^5.1.0"
    "@ethersproject/bignumber" "^5.1.0"
    "@ethersproject/bytes" "^5.1.0"
    "@ethersproject/constants" "^5.1.0"
    "@ethersproject/hash" "^5.1.0"
    "@ethersproject/logger" "^5.1.0"
    "@ethersproject/networks" "^5.1.0"
    "@ethersproject/properties" "^5.1.0"
    "@ethersproject/random" "^5.1.0"
    "@ethersproject/rlp" "^5.1.0"
    "@ethersproject/sha2" "^5.1.0"
    "@ethersproject/strings" "^5.1.0"
    "@ethersproject/transactions" "^5.1.0"
    "@ethersproject/web" "^5.1.0"
    bech32 "1.1.4"
    ws "7.2.3"

"@ethersproject/random@5.1.0", "@ethersproject/random@^5.1.0":
  version "5.1.0"
  resolved "https://registry.yarnpkg.com/@ethersproject/random/-/random-5.1.0.tgz#0bdff2554df03ebc5f75689614f2d58ea0d9a71f"
  integrity sha512-+uuczLQZ4+no9cP6TCoCktXx0u2YbNaRT7lRkSt12d8263e702f0u+4JnnRO8Qmv5nylWJebnqCHzyxP+6mLqw==
  dependencies:
    "@ethersproject/bytes" "^5.1.0"
    "@ethersproject/logger" "^5.1.0"

"@ethersproject/rlp@5.1.0", "@ethersproject/rlp@^5.1.0":
  version "5.1.0"
  resolved "https://registry.yarnpkg.com/@ethersproject/rlp/-/rlp-5.1.0.tgz#700f4f071c27fa298d3c1d637485fefe919dd084"
  integrity sha512-vDTyHIwNPrecy55gKGZ47eJZhBm8LLBxihzi5ou+zrSvYTpkSTWRcKUlXFDFQVwfWB+P5PGyERAdiDEI76clxw==
  dependencies:
    "@ethersproject/bytes" "^5.1.0"
    "@ethersproject/logger" "^5.1.0"

"@ethersproject/sha2@5.1.0", "@ethersproject/sha2@^5.1.0":
  version "5.1.0"
  resolved "https://registry.yarnpkg.com/@ethersproject/sha2/-/sha2-5.1.0.tgz#6ca42d1a26884b3e32ffa943fe6494af7211506c"
  integrity sha512-+fNSeZRstOpdRJpdGUkRONFCaiAqWkc91zXgg76Nlp5ndBQE25Kk5yK8gCPG1aGnCrbariiPr5j9DmrYH78JCA==
  dependencies:
    "@ethersproject/bytes" "^5.1.0"
    "@ethersproject/logger" "^5.1.0"
    hash.js "1.1.3"

"@ethersproject/signing-key@5.1.0", "@ethersproject/signing-key@^5.1.0":
  version "5.1.0"
  resolved "https://registry.yarnpkg.com/@ethersproject/signing-key/-/signing-key-5.1.0.tgz#6eddfbddb6826b597b9650e01acf817bf8991b9c"
  integrity sha512-tE5LFlbmdObG8bY04NpuwPWSRPgEswfxweAI1sH7TbP0ml1elNfqcq7ii/3AvIN05i5U0Pkm3Tf8bramt8MmLw==
  dependencies:
    "@ethersproject/bytes" "^5.1.0"
    "@ethersproject/logger" "^5.1.0"
    "@ethersproject/properties" "^5.1.0"
    bn.js "^4.4.0"
    elliptic "6.5.4"

"@ethersproject/solidity@5.1.0":
  version "5.1.0"
  resolved "https://registry.yarnpkg.com/@ethersproject/solidity/-/solidity-5.1.0.tgz#095a9c75244edccb26c452c155736d363399b954"
  integrity sha512-kPodsGyo9zg1g9XSXp1lGhFaezBAUUsAUB1Vf6OkppE5Wksg4Et+x3kG4m7J/uShDMP2upkJtHNsIBK2XkVpKQ==
  dependencies:
    "@ethersproject/bignumber" "^5.1.0"
    "@ethersproject/bytes" "^5.1.0"
    "@ethersproject/keccak256" "^5.1.0"
    "@ethersproject/sha2" "^5.1.0"
    "@ethersproject/strings" "^5.1.0"

"@ethersproject/strings@5.1.0", "@ethersproject/strings@^5.1.0":
  version "5.1.0"
  resolved "https://registry.yarnpkg.com/@ethersproject/strings/-/strings-5.1.0.tgz#0f95a56c3c8c9d5510a06c241d818779750e2da5"
  integrity sha512-perBZy0RrmmL0ejiFGUOlBVjMsUceqLut3OBP3zP96LhiJWWbS8u1NqQVgN4/Gyrbziuda66DxiQocXhsvx+Sw==
  dependencies:
    "@ethersproject/bytes" "^5.1.0"
    "@ethersproject/constants" "^5.1.0"
    "@ethersproject/logger" "^5.1.0"

"@ethersproject/transactions@5.1.1", "@ethersproject/transactions@^5.1.0":
  version "5.1.1"
  resolved "https://registry.yarnpkg.com/@ethersproject/transactions/-/transactions-5.1.1.tgz#5a6bbb25fb062c3cc75eb0db12faefcdd3870813"
  integrity sha512-Nwgbp09ttIVN0OoUBatCXaHxR7grWPHbozJN8v7AXDLrl6nnOIBEMDh+yJTnosSQlFhcyjfTGGN+Mx6R8HdvMw==
  dependencies:
    "@ethersproject/address" "^5.1.0"
    "@ethersproject/bignumber" "^5.1.0"
    "@ethersproject/bytes" "^5.1.0"
    "@ethersproject/constants" "^5.1.0"
    "@ethersproject/keccak256" "^5.1.0"
    "@ethersproject/logger" "^5.1.0"
    "@ethersproject/properties" "^5.1.0"
    "@ethersproject/rlp" "^5.1.0"
    "@ethersproject/signing-key" "^5.1.0"

"@ethersproject/units@5.1.0":
  version "5.1.0"
  resolved "https://registry.yarnpkg.com/@ethersproject/units/-/units-5.1.0.tgz#b6ab3430ebc22adc3cb4839516496f167bee3ad5"
  integrity sha512-isvJrx6qG0nKWfxsGORNjmOq/nh175fStfvRTA2xEKrGqx8JNJY83fswu4GkILowfriEM/eYpretfJnfzi7YhA==
  dependencies:
    "@ethersproject/bignumber" "^5.1.0"
    "@ethersproject/constants" "^5.1.0"
    "@ethersproject/logger" "^5.1.0"

"@ethersproject/wallet@5.1.0":
  version "5.1.0"
  resolved "https://registry.yarnpkg.com/@ethersproject/wallet/-/wallet-5.1.0.tgz#134c5816eaeaa586beae9f9ff67891104a2c9a15"
  integrity sha512-ULmUtiYQLTUS+y3DgkLzRhFEK10zMwmjOthnjiZxee3Q/MVwr3rnmuAnXIUZrPjna6hvUPnyRIdW5XuF0Ld0YQ==
  dependencies:
    "@ethersproject/abstract-provider" "^5.1.0"
    "@ethersproject/abstract-signer" "^5.1.0"
    "@ethersproject/address" "^5.1.0"
    "@ethersproject/bignumber" "^5.1.0"
    "@ethersproject/bytes" "^5.1.0"
    "@ethersproject/hash" "^5.1.0"
    "@ethersproject/hdnode" "^5.1.0"
    "@ethersproject/json-wallets" "^5.1.0"
    "@ethersproject/keccak256" "^5.1.0"
    "@ethersproject/logger" "^5.1.0"
    "@ethersproject/properties" "^5.1.0"
    "@ethersproject/random" "^5.1.0"
    "@ethersproject/signing-key" "^5.1.0"
    "@ethersproject/transactions" "^5.1.0"
    "@ethersproject/wordlists" "^5.1.0"

"@ethersproject/web@5.1.0", "@ethersproject/web@^5.1.0":
  version "5.1.0"
  resolved "https://registry.yarnpkg.com/@ethersproject/web/-/web-5.1.0.tgz#ed56bbe4e3d9a8ffe3b2ed882da5c62d3551381b"
  integrity sha512-LTeluWgTq04+RNqAkVhpydPcRZK/kKxD2Vy7PYGrAD27ABO9kTqTBKwiOuzTyAHKUQHfnvZbXmxBXJAGViSDcA==
  dependencies:
    "@ethersproject/base64" "^5.1.0"
    "@ethersproject/bytes" "^5.1.0"
    "@ethersproject/logger" "^5.1.0"
    "@ethersproject/properties" "^5.1.0"
    "@ethersproject/strings" "^5.1.0"

"@ethersproject/wordlists@5.1.0", "@ethersproject/wordlists@^5.1.0":
  version "5.1.0"
  resolved "https://registry.yarnpkg.com/@ethersproject/wordlists/-/wordlists-5.1.0.tgz#54eb9ef3a00babbff90ffe124e19c89e07e6aace"
  integrity sha512-NsUCi/TpBb+oTFvMSccUkJGtp5o/84eOyqp5q5aBeiNBSLkYyw21znRn9mAmxZgySpxgruVgKbaapnYPgvctPQ==
  dependencies:
    "@ethersproject/bytes" "^5.1.0"
    "@ethersproject/hash" "^5.1.0"
    "@ethersproject/logger" "^5.1.0"
    "@ethersproject/properties" "^5.1.0"
    "@ethersproject/strings" "^5.1.0"

"@types/node@^14.14.35":
  version "14.14.41"
  resolved "https://registry.yarnpkg.com/@types/node/-/node-14.14.41.tgz#d0b939d94c1d7bd53d04824af45f1139b8c45615"
  integrity sha512-dueRKfaJL4RTtSa7bWeTK1M+VH+Gns73oCgzvYfHZywRCoPSd8EkXBL0mZ9unPTveBn+D9phZBaxuzpwjWkW0g==

aes-js@3.0.0:
  version "3.0.0"
  resolved "https://registry.yarnpkg.com/aes-js/-/aes-js-3.0.0.tgz#e21df10ad6c2053295bcbb8dab40b09dbea87e4d"
  integrity sha1-4h3xCtbCBTKVvLuNq0Cwnb6ofk0=

bech32@1.1.4:
  version "1.1.4"
  resolved "https://registry.yarnpkg.com/bech32/-/bech32-1.1.4.tgz#e38c9f37bf179b8eb16ae3a772b40c356d4832e9"
  integrity sha512-s0IrSOzLlbvX7yp4WBfPITzpAU8sqQcpsmwXDiKwrG4r491vwCO/XpejasRNl0piBMe/DvP4Tz0mIS/X1DPJBQ==

bn.js@^4.11.9, bn.js@^4.4.0:
  version "4.12.0"
  resolved "https://registry.yarnpkg.com/bn.js/-/bn.js-4.12.0.tgz#775b3f278efbb9718eec7361f483fb36fbbfea88"
  integrity sha512-c98Bf3tPniI+scsdk237ku1Dc3ujXQTSgyiPUDEOe7tRkhrqridvh8klBv0HCEso1OLOYcHuCv/cS6DNxKH+ZA==

brorand@^1.1.0:
  version "1.1.0"
  resolved "https://registry.yarnpkg.com/brorand/-/brorand-1.1.0.tgz#12c25efe40a45e3c323eb8675a0a0ce57b22371f"
  integrity sha1-EsJe/kCkXjwyPrhnWgoM5XsiNx8=

commander@^6.0.0:
  version "6.2.1"
  resolved "https://registry.yarnpkg.com/commander/-/commander-6.2.1.tgz#0792eb682dfbc325999bb2b84fddddba110ac73c"
  integrity sha512-U7VdrJFnJgo4xjrHpTzu0yrHPGImdsmD95ZlgYSEajAn2JKzDhDTPG9kBTefmObL2w/ngeZnilk+OV9CG3d7UA==

elliptic@6.5.4:
  version "6.5.4"
  resolved "https://registry.yarnpkg.com/elliptic/-/elliptic-6.5.4.tgz#da37cebd31e79a1367e941b592ed1fbebd58abbb"
  integrity sha512-iLhC6ULemrljPZb+QutR5TQGB+pdW6KGD5RSegS+8sorOZT+rdQFbsQFJgvN3eRqNALqJer4oQ16YvJHlU8hzQ==
  dependencies:
    bn.js "^4.11.9"
    brorand "^1.1.0"
    hash.js "^1.0.0"
    hmac-drbg "^1.0.1"
    inherits "^2.0.4"
    minimalistic-assert "^1.0.1"
    minimalistic-crypto-utils "^1.0.1"

ethers@^5.0.31:
  version "5.1.3"
  resolved "https://registry.yarnpkg.com/ethers/-/ethers-5.1.3.tgz#68eb48742b8a8ca53480bca2e53fb314c23fea7f"
  integrity sha512-QAj+LG3z5HsK6UDAOdCjDEthWioZ7sTzAcMWyVrQF+ACioalQ99NrrSxIq5qS0c+hoy3TAIjqpYteHgC2Iqy+w==
  dependencies:
    "@ethersproject/abi" "5.1.1"
    "@ethersproject/abstract-provider" "5.1.0"
    "@ethersproject/abstract-signer" "5.1.0"
    "@ethersproject/address" "5.1.0"
    "@ethersproject/base64" "5.1.0"
    "@ethersproject/basex" "5.1.0"
    "@ethersproject/bignumber" "5.1.1"
    "@ethersproject/bytes" "5.1.0"
    "@ethersproject/constants" "5.1.0"
    "@ethersproject/contracts" "5.1.1"
    "@ethersproject/hash" "5.1.0"
    "@ethersproject/hdnode" "5.1.0"
    "@ethersproject/json-wallets" "5.1.0"
    "@ethersproject/keccak256" "5.1.0"
    "@ethersproject/logger" "5.1.0"
    "@ethersproject/networks" "5.1.0"
    "@ethersproject/pbkdf2" "5.1.0"
    "@ethersproject/properties" "5.1.0"
    "@ethersproject/providers" "5.1.2"
    "@ethersproject/random" "5.1.0"
    "@ethersproject/rlp" "5.1.0"
    "@ethersproject/sha2" "5.1.0"
    "@ethersproject/signing-key" "5.1.0"
    "@ethersproject/solidity" "5.1.0"
    "@ethersproject/strings" "5.1.0"
    "@ethersproject/transactions" "5.1.1"
    "@ethersproject/units" "5.1.0"
    "@ethersproject/wallet" "5.1.0"
    "@ethersproject/web" "5.1.0"
    "@ethersproject/wordlists" "5.1.0"

hash.js@1.1.3:
  version "1.1.3"
  resolved "https://registry.yarnpkg.com/hash.js/-/hash.js-1.1.3.tgz#340dedbe6290187151c1ea1d777a3448935df846"
  integrity sha512-/UETyP0W22QILqS+6HowevwhEFJ3MBJnwTf75Qob9Wz9t0DPuisL8kW8YZMK62dHAKE1c1p+gY1TtOLY+USEHA==
  dependencies:
    inherits "^2.0.3"
    minimalistic-assert "^1.0.0"

hash.js@^1.0.0, hash.js@^1.0.3:
  version "1.1.7"
  resolved "https://registry.yarnpkg.com/hash.js/-/hash.js-1.1.7.tgz#0babca538e8d4ee4a0f8988d68866537a003cf42"
  integrity sha512-taOaskGt4z4SOANNseOviYDvjEJinIkRgmp7LbKP2YTTmVxWBl87s/uzK9r+44BclBSp2X7K1hqeNfz9JbBeXA==
  dependencies:
    inherits "^2.0.3"
    minimalistic-assert "^1.0.1"

hmac-drbg@^1.0.1:
  version "1.0.1"
  resolved "https://registry.yarnpkg.com/hmac-drbg/-/hmac-drbg-1.0.1.tgz#d2745701025a6c775a6c545793ed502fc0c649a1"
  integrity sha1-0nRXAQJabHdabFRXk+1QL8DGSaE=
  dependencies:
    hash.js "^1.0.3"
    minimalistic-assert "^1.0.0"
    minimalistic-crypto-utils "^1.0.1"

inherits@^2.0.3, inherits@^2.0.4:
  version "2.0.4"
  resolved "https://registry.yarnpkg.com/inherits/-/inherits-2.0.4.tgz#0fa2c64f932917c3433a0ded55363aae37416b7c"
  integrity sha512-k/vGaX4/Yla3WzyMCvTQOXYeIHvqOKtnqBduzTHpzpQZzAskKMhZ2K+EnBiSM9zGSoIFeMpXKxa4dYeZIQqewQ==

js-sha3@0.5.7:
  version "0.5.7"
  resolved "https://registry.yarnpkg.com/js-sha3/-/js-sha3-0.5.7.tgz#0d4ffd8002d5333aabaf4a23eed2f6374c9f28e7"
  integrity sha1-DU/9gALVMzqrr0oj7tL2N0yfKOc=

minimalistic-assert@^1.0.0, minimalistic-assert@^1.0.1:
  version "1.0.1"
  resolved "https://registry.yarnpkg.com/minimalistic-assert/-/minimalistic-assert-1.0.1.tgz#2e194de044626d4a10e7f7fbc00ce73e83e4d5c7"
  integrity sha512-UtJcAD4yEaGtjPezWuO9wC4nwUnVH/8/Im3yEHQP4b67cXlD/Qr9hdITCU1xDbSEXg2XKNaP8jsReV7vQd00/A==

minimalistic-crypto-utils@^1.0.1:
  version "1.0.1"
  resolved "https://registry.yarnpkg.com/minimalistic-crypto-utils/-/minimalistic-crypto-utils-1.0.1.tgz#f6c00c1c0b082246e5c4d99dfb8c7c083b2b582a"
  integrity sha1-9sAMHAsIIkblxNmd+4x8CDsrWCo=

scrypt-js@3.0.1:
  version "3.0.1"
  resolved "https://registry.yarnpkg.com/scrypt-js/-/scrypt-js-3.0.1.tgz#d314a57c2aef69d1ad98a138a21fe9eafa9ee312"
  integrity sha512-cdwTTnqPu0Hyvf5in5asVdZocVDTNRmR7XEcJuIzMjJeSHybHl7vpB66AzwTaIg6CLSbtjcxc8fqcySfnTkccA==

typescript@^4.0.2:
  version "4.2.4"
  resolved "https://registry.yarnpkg.com/typescript/-/typescript-4.2.4.tgz#8610b59747de028fda898a8aef0e103f156d0961"
  integrity sha512-V+evlYHZnQkaz8TRBuxTA92yZBPotr5H+WhQ7bD3hZUndx5tGOa1fuCgeSjxAzM1RiN5IzvadIXTVefuuwZCRg==

ws@7.2.3:
  version "7.2.3"
  resolved "https://registry.yarnpkg.com/ws/-/ws-7.2.3.tgz#a5411e1fb04d5ed0efee76d26d5c46d830c39b46"
  integrity sha512-HTDl9G9hbkNDk98naoR/cHDws7+EyYMOdL1BmjsZXRUjf7d+MficC4B7HLUPlSiho0vg+CWKrGIt/VJBd1xunQ==
