# THIS IS AN AUTOGENERATED FILE. DO NOT EDIT THIS FILE DIRECTLY.
# yarn lockfile v1


"@babel/code-frame@^7.0.0":
  version "7.12.13"
  resolved "https://registry.yarnpkg.com/@babel/code-frame/-/code-frame-7.12.13.tgz#dcfc826beef65e75c50e21d3837d7d95798dd658"
  integrity sha512-HV1Cm0Q3ZrpCR93tkWOYiuYIgLxZXZFVG2VgK+MBWjUqZTundupbfx2aXarXuw5Ko5aMcjtJgbSs4vUGBS5v6g==
  dependencies:
    "@babel/highlight" "^7.12.13"

"@babel/helper-validator-identifier@^7.12.11":
  version "7.12.11"
  resolved "https://registry.yarnpkg.com/@babel/helper-validator-identifier/-/helper-validator-identifier-7.12.11.tgz#c9a1f021917dcb5ccf0d4e453e399022981fc9ed"
  integrity sha512-np/lG3uARFybkoHokJUmf1QfEvRVCPbmQeUQpKow5cQ3xWrV9i3rUHodKDJPQfTVX61qKi+UdYk8kik84n7XOw==

"@babel/highlight@^7.12.13":
  version "7.12.13"
  resolved "https://registry.yarnpkg.com/@babel/highlight/-/highlight-7.12.13.tgz#8ab538393e00370b26271b01fa08f7f27f2e795c"
  integrity sha512-kocDQvIbgMKlWxXe9fof3TQ+gkIPOUSEYhJjqUjvKMez3krV7vbzYCDq39Oj11UAVK7JqPVGQPlgE85dPNlQww==
  dependencies:
    "@babel/helper-validator-identifier" "^7.12.11"
    chalk "^2.0.0"
    js-tokens "^4.0.0"

"@ethersproject/abi@5.0.12", "@ethersproject/abi@^5.0.10":
  version "5.0.12"
  resolved "https://registry.yarnpkg.com/@ethersproject/abi/-/abi-5.0.12.tgz#9aebe6aedc05ce45bb6c41b06d80bd195b7de77c"
  integrity sha512-Ujr/3bwyYYjXLDQfebeiiTuvOw9XtUKM8av6YkoBeMXyGQM9GkjrQlwJMNwGTmqjATH/ZNbRgCh98GjOLiIB1Q==
  dependencies:
    "@ethersproject/address" "^5.0.9"
    "@ethersproject/bignumber" "^5.0.13"
    "@ethersproject/bytes" "^5.0.9"
    "@ethersproject/constants" "^5.0.8"
    "@ethersproject/hash" "^5.0.10"
    "@ethersproject/keccak256" "^5.0.7"
    "@ethersproject/logger" "^5.0.8"
    "@ethersproject/properties" "^5.0.7"
    "@ethersproject/strings" "^5.0.8"

"@ethersproject/abstract-provider@5.0.9", "@ethersproject/abstract-provider@^5.0.8":
  version "5.0.9"
  resolved "https://registry.yarnpkg.com/@ethersproject/abstract-provider/-/abstract-provider-5.0.9.tgz#a55410b73e3994842884eb82b1f43e3a9f653eea"
  integrity sha512-X9fMkqpeu9ayC3JyBkeeZhn35P4xQkpGX/l+FrxDtEW9tybf/UWXSMi8bGThpPtfJ6q6U2LDetXSpSwK4TfYQQ==
  dependencies:
    "@ethersproject/bignumber" "^5.0.13"
    "@ethersproject/bytes" "^5.0.9"
    "@ethersproject/logger" "^5.0.8"
    "@ethersproject/networks" "^5.0.7"
    "@ethersproject/properties" "^5.0.7"
    "@ethersproject/transactions" "^5.0.9"
    "@ethersproject/web" "^5.0.12"

"@ethersproject/abstract-signer@5.0.12", "@ethersproject/abstract-signer@^5.0.10":
  version "5.0.12"
  resolved "https://registry.yarnpkg.com/@ethersproject/abstract-signer/-/abstract-signer-5.0.12.tgz#04ab597eb87a08faaab19dd5a739339e1e3beb58"
  integrity sha512-qt4jAEzQGPZ31My1gFGPzzJHJveYhVycW7RHkuX0W8fvMdg7wr0uvP7mQEptMVrb+jYwsVktCf6gBGwWDpFiTA==
  dependencies:
    "@ethersproject/abstract-provider" "^5.0.8"
    "@ethersproject/bignumber" "^5.0.13"
    "@ethersproject/bytes" "^5.0.9"
    "@ethersproject/logger" "^5.0.8"
    "@ethersproject/properties" "^5.0.7"

"@ethersproject/address@5.0.10", "@ethersproject/address@^5.0.9":
  version "5.0.10"
  resolved "https://registry.yarnpkg.com/@ethersproject/address/-/address-5.0.10.tgz#2bc69fdff4408e0570471cd19dee577ab06a10d0"
  integrity sha512-70vqESmW5Srua1kMDIN6uVfdneZMaMyRYH4qPvkAXGkbicrCOsA9m01vIloA4wYiiF+HLEfL1ENKdn5jb9xiAw==
  dependencies:
    "@ethersproject/bignumber" "^5.0.13"
    "@ethersproject/bytes" "^5.0.9"
    "@ethersproject/keccak256" "^5.0.7"
    "@ethersproject/logger" "^5.0.8"
    "@ethersproject/rlp" "^5.0.7"

"@ethersproject/base64@5.0.8", "@ethersproject/base64@^5.0.7":
  version "5.0.8"
  resolved "https://registry.yarnpkg.com/@ethersproject/base64/-/base64-5.0.8.tgz#1bc4b4b8c59c1debf972c7164b96c0b8964a20a1"
  integrity sha512-PNbpHOMgZpZ1skvQl119pV2YkCPXmZTxw+T92qX0z7zaMFPypXWTZBzim+hUceb//zx4DFjeGT4aSjZRTOYThg==
  dependencies:
    "@ethersproject/bytes" "^5.0.9"

"@ethersproject/basex@5.0.8", "@ethersproject/basex@^5.0.7":
  version "5.0.8"
  resolved "https://registry.yarnpkg.com/@ethersproject/basex/-/basex-5.0.8.tgz#6867fad20047aa29fbd4b880f27894ed04cc7bb8"
  integrity sha512-PCVKZIShBQUqAXjJSvaCidThPvL0jaaQZcewJc0sf8Xx05BizaOS8r3jdPdpNdY+/qZtRDqwHTSKjvR/xssyLQ==
  dependencies:
    "@ethersproject/bytes" "^5.0.9"
    "@ethersproject/properties" "^5.0.7"

"@ethersproject/bignumber@5.0.14", "@ethersproject/bignumber@^5.0.13":
  version "5.0.14"
  resolved "https://registry.yarnpkg.com/@ethersproject/bignumber/-/bignumber-5.0.14.tgz#605bc61dcbd4a8c6df8b5a7a77c0210273f3de8a"
  integrity sha512-Q4TjMq9Gg3Xzj0aeJWqJgI3tdEiPiET7Y5OtNtjTAODZ2kp4y9jMNg97zVcvPedFvGROdpGDyCI77JDFodUzOw==
  dependencies:
    "@ethersproject/bytes" "^5.0.9"
    "@ethersproject/logger" "^5.0.8"
    bn.js "^4.4.0"

"@ethersproject/bytes@5.0.10", "@ethersproject/bytes@^5.0.9":
  version "5.0.10"
  resolved "https://registry.yarnpkg.com/@ethersproject/bytes/-/bytes-5.0.10.tgz#aa49afe7491ba24ff76fa33d98677351263f9ba4"
  integrity sha512-vpu0v1LZ1j1s9kERQIMnVU69MyHEzUff7nqK9XuCU4vx+AM8n9lU2gj7jtJIvGSt9HzatK/6I6bWusI5nyuaTA==
  dependencies:
    "@ethersproject/logger" "^5.0.8"

"@ethersproject/constants@5.0.9", "@ethersproject/constants@^5.0.8":
  version "5.0.9"
  resolved "https://registry.yarnpkg.com/@ethersproject/constants/-/constants-5.0.9.tgz#81ac44c3bf612de63eb1c490b314ea1b932cda9f"
  integrity sha512-2uAKH89UcaJP/Sc+54u92BtJtZ4cPgcS1p0YbB1L3tlkavwNvth+kNCUplIB1Becqs7BOZr0B/3dMNjhJDy4Dg==
  dependencies:
    "@ethersproject/bignumber" "^5.0.13"

"@ethersproject/contracts@5.0.10":
  version "5.0.10"
  resolved "https://registry.yarnpkg.com/@ethersproject/contracts/-/contracts-5.0.10.tgz#650cbf6f3cf89a63006ea91727a68aee4dc3381f"
  integrity sha512-h9kdvllwT6B1LyUXeNQIb7Y6u6ZprP5LUiQIjSqvOehhm1sFZcaVtydsSa0LIg3SBC5QF0M7zH5p7EtI2VD0rQ==
  dependencies:
    "@ethersproject/abi" "^5.0.10"
    "@ethersproject/abstract-provider" "^5.0.8"
    "@ethersproject/abstract-signer" "^5.0.10"
    "@ethersproject/address" "^5.0.9"
    "@ethersproject/bignumber" "^5.0.13"
    "@ethersproject/bytes" "^5.0.9"
    "@ethersproject/constants" "^5.0.8"
    "@ethersproject/logger" "^5.0.8"
    "@ethersproject/properties" "^5.0.7"

"@ethersproject/hash@5.0.11", "@ethersproject/hash@^5.0.10":
  version "5.0.11"
  resolved "https://registry.yarnpkg.com/@ethersproject/hash/-/hash-5.0.11.tgz#da89517438bbbf8a39df56fff09f0a71669ae7a7"
  integrity sha512-H3KJ9fk33XWJ2djAW03IL7fg3DsDMYjO1XijiUb1hJ85vYfhvxu0OmsU7d3tg2Uv1H1kFSo8ghr3WFQ8c+NL3g==
  dependencies:
    "@ethersproject/abstract-signer" "^5.0.10"
    "@ethersproject/address" "^5.0.9"
    "@ethersproject/bignumber" "^5.0.13"
    "@ethersproject/bytes" "^5.0.9"
    "@ethersproject/keccak256" "^5.0.7"
    "@ethersproject/logger" "^5.0.8"
    "@ethersproject/properties" "^5.0.7"
    "@ethersproject/strings" "^5.0.8"

"@ethersproject/hdnode@5.0.9", "@ethersproject/hdnode@^5.0.8":
  version "5.0.9"
  resolved "https://registry.yarnpkg.com/@ethersproject/hdnode/-/hdnode-5.0.9.tgz#ce65b430d3d3f0cd3c8f9dfaaf376b55881d9dba"
  integrity sha512-S5UMmIC6XfFtqhUK4uTjD8GPNzSbE+sZ/0VMqFnA3zAJ+cEFZuEyhZDYnl2ItGJzjT4jsy+uEy1SIl3baYK1PQ==
  dependencies:
    "@ethersproject/abstract-signer" "^5.0.10"
    "@ethersproject/basex" "^5.0.7"
    "@ethersproject/bignumber" "^5.0.13"
    "@ethersproject/bytes" "^5.0.9"
    "@ethersproject/logger" "^5.0.8"
    "@ethersproject/pbkdf2" "^5.0.7"
    "@ethersproject/properties" "^5.0.7"
    "@ethersproject/sha2" "^5.0.7"
    "@ethersproject/signing-key" "^5.0.8"
    "@ethersproject/strings" "^5.0.8"
    "@ethersproject/transactions" "^5.0.9"
    "@ethersproject/wordlists" "^5.0.8"

"@ethersproject/json-wallets@5.0.11", "@ethersproject/json-wallets@^5.0.10":
  version "5.0.11"
  resolved "https://registry.yarnpkg.com/@ethersproject/json-wallets/-/json-wallets-5.0.11.tgz#86fdc41b7762acb443d6a896f6c61231ab2aee5d"
  integrity sha512-0GhWScWUlXXb4qJNp0wmkU95QS3YdN9UMOfMSEl76CRANWWrmyzxcBVSXSBu5iQ0/W8wO+xGlJJ3tpA6v3mbIw==
  dependencies:
    "@ethersproject/abstract-signer" "^5.0.10"
    "@ethersproject/address" "^5.0.9"
    "@ethersproject/bytes" "^5.0.9"
    "@ethersproject/hdnode" "^5.0.8"
    "@ethersproject/keccak256" "^5.0.7"
    "@ethersproject/logger" "^5.0.8"
    "@ethersproject/pbkdf2" "^5.0.7"
    "@ethersproject/properties" "^5.0.7"
    "@ethersproject/random" "^5.0.7"
    "@ethersproject/strings" "^5.0.8"
    "@ethersproject/transactions" "^5.0.9"
    aes-js "3.0.0"
    scrypt-js "3.0.1"

"@ethersproject/keccak256@5.0.8", "@ethersproject/keccak256@^5.0.7":
  version "5.0.8"
  resolved "https://registry.yarnpkg.com/@ethersproject/keccak256/-/keccak256-5.0.8.tgz#13aaf69e1c8bd15fc59a2ebd055c0878f2a059c8"
  integrity sha512-zoGbwXcWWs9MX4NOAZ7N0hhgIRl4Q/IO/u9c/RHRY4WqDy3Ywm0OLamEV53QDwhjwn3YiiVwU1Ve5j7yJ0a/KQ==
  dependencies:
    "@ethersproject/bytes" "^5.0.9"
    js-sha3 "0.5.7"

"@ethersproject/logger@5.0.9", "@ethersproject/logger@^5.0.8":
  version "5.0.9"
  resolved "https://registry.yarnpkg.com/@ethersproject/logger/-/logger-5.0.9.tgz#0e6a0b3ecc938713016954daf4ac7967467aa763"
  integrity sha512-kV3Uamv3XOH99Xf3kpIG3ZkS7mBNYcLDM00JSDtNgNB4BihuyxpQzIZPRIDmRi+95Z/R1Bb0X2kUNHa/kJoVrw==

"@ethersproject/networks@5.0.8", "@ethersproject/networks@^5.0.7":
  version "5.0.8"
  resolved "https://registry.yarnpkg.com/@ethersproject/networks/-/networks-5.0.8.tgz#37e6f8c058f2d540373ea5939056cd3de069132e"
  integrity sha512-PYpptlO2Tu5f/JEBI5hdlMds5k1DY1QwVbh3LKPb3un9dQA2bC51vd2/gRWAgSBpF3kkmZOj4FhD7ATLX4H+DA==
  dependencies:
    "@ethersproject/logger" "^5.0.8"

"@ethersproject/pbkdf2@5.0.8", "@ethersproject/pbkdf2@^5.0.7":
  version "5.0.8"
  resolved "https://registry.yarnpkg.com/@ethersproject/pbkdf2/-/pbkdf2-5.0.8.tgz#06a086b1ac04c75e6846afd6cf6170a49a634411"
  integrity sha512-UlmAMGbIPaS2xXsI38FbePVTfJMuU9jnwcqVn3p88HxPF4kD897ha+l3TNsBqJqf32UbQL5GImnf1oJkSKq4vQ==
  dependencies:
    "@ethersproject/bytes" "^5.0.9"
    "@ethersproject/sha2" "^5.0.7"

"@ethersproject/properties@5.0.8", "@ethersproject/properties@^5.0.7":
  version "5.0.8"
  resolved "https://registry.yarnpkg.com/@ethersproject/properties/-/properties-5.0.8.tgz#e45d28d25402c73394873dbf058f856c966cae01"
  integrity sha512-zEnLMze2Eu2VDPj/05QwCwMKHh506gpT9PP9KPVd4dDB+5d6AcROUYVLoIIQgBYK7X/Gw0UJmG3oVtnxOQafAw==
  dependencies:
    "@ethersproject/logger" "^5.0.8"

"@ethersproject/providers@5.0.22":
  version "5.0.22"
  resolved "https://registry.yarnpkg.com/@ethersproject/providers/-/providers-5.0.22.tgz#a84b48d74d7f243d1f4f5c789c4a3342bd3f690c"
  integrity sha512-6C6agQsz/7FRFfZFok+m1HVUS6G+IU1grLwBx9+W11SF3UeP8vquXRMVDfOiKWyvy+g4bJT1+9C/QuC8lG08DQ==
  dependencies:
    "@ethersproject/abstract-provider" "^5.0.8"
    "@ethersproject/abstract-signer" "^5.0.10"
    "@ethersproject/address" "^5.0.9"
    "@ethersproject/basex" "^5.0.7"
    "@ethersproject/bignumber" "^5.0.13"
    "@ethersproject/bytes" "^5.0.9"
    "@ethersproject/constants" "^5.0.8"
    "@ethersproject/hash" "^5.0.10"
    "@ethersproject/logger" "^5.0.8"
    "@ethersproject/networks" "^5.0.7"
    "@ethersproject/properties" "^5.0.7"
    "@ethersproject/random" "^5.0.7"
    "@ethersproject/rlp" "^5.0.7"
    "@ethersproject/sha2" "^5.0.7"
    "@ethersproject/strings" "^5.0.8"
    "@ethersproject/transactions" "^5.0.9"
    "@ethersproject/web" "^5.0.12"
    bech32 "1.1.4"
    ws "7.2.3"

"@ethersproject/random@5.0.8", "@ethersproject/random@^5.0.7":
  version "5.0.8"
  resolved "https://registry.yarnpkg.com/@ethersproject/random/-/random-5.0.8.tgz#8d3726be48e95467abce9b23c93adbb1de009dda"
  integrity sha512-4rHtotmd9NjklW0eDvByicEkL+qareIyFSbG1ShC8tPJJSAC0g55oQWzw+3nfdRCgBHRuEE7S8EcPcTVPvZ9cA==
  dependencies:
    "@ethersproject/bytes" "^5.0.9"
    "@ethersproject/logger" "^5.0.8"

"@ethersproject/rlp@5.0.8", "@ethersproject/rlp@^5.0.7":
  version "5.0.8"
  resolved "https://registry.yarnpkg.com/@ethersproject/rlp/-/rlp-5.0.8.tgz#ff54e206d0ae28640dd054f2bcc7070f06f9dfbe"
  integrity sha512-E4wdFs8xRNJfzNHmnkC8w5fPeT4Wd1U2cust3YeT16/46iSkLT8nn8ilidC6KhR7hfuSZE4UqSPzyk76p7cdZg==
  dependencies:
    "@ethersproject/bytes" "^5.0.9"
    "@ethersproject/logger" "^5.0.8"

"@ethersproject/sha2@5.0.8", "@ethersproject/sha2@^5.0.7":
  version "5.0.8"
  resolved "https://registry.yarnpkg.com/@ethersproject/sha2/-/sha2-5.0.8.tgz#9903c67e562739d8b312820b0a265b9c9bf35fc3"
  integrity sha512-ILP1ZgyvDj4rrdE+AXrTv9V88m7x87uga2VZ/FeULKPumOEw/4bGnJz/oQ8zDnDvVYRCJ+48VaQBS2CFLbk1ww==
  dependencies:
    "@ethersproject/bytes" "^5.0.9"
    "@ethersproject/logger" "^5.0.8"
    hash.js "1.1.3"

"@ethersproject/signing-key@5.0.10", "@ethersproject/signing-key@^5.0.8":
  version "5.0.10"
  resolved "https://registry.yarnpkg.com/@ethersproject/signing-key/-/signing-key-5.0.10.tgz#05e26e04f0aa5360dc78674d7331bacea8fea5c1"
  integrity sha512-w5it3GbFOvN6e0mTd5gDNj+bwSe6L9jqqYjU+uaYS8/hAEp4qYLk5p8ZjbJJkNn7u1p0iwocp8X9oH/OdK8apA==
  dependencies:
    "@ethersproject/bytes" "^5.0.9"
    "@ethersproject/logger" "^5.0.8"
    "@ethersproject/properties" "^5.0.7"
    elliptic "6.5.4"

"@ethersproject/solidity@5.0.9":
  version "5.0.9"
  resolved "https://registry.yarnpkg.com/@ethersproject/solidity/-/solidity-5.0.9.tgz#49100fbe9f364ac56f7ff7c726f4f3d151901134"
  integrity sha512-LIxSAYEQgLRXE3mRPCq39ou61kqP8fDrGqEeNcaNJS3aLbmAOS8MZp56uK++WsdI9hj8sNsFh78hrAa6zR9Jag==
  dependencies:
    "@ethersproject/bignumber" "^5.0.13"
    "@ethersproject/bytes" "^5.0.9"
    "@ethersproject/keccak256" "^5.0.7"
    "@ethersproject/sha2" "^5.0.7"
    "@ethersproject/strings" "^5.0.8"

"@ethersproject/strings@5.0.9", "@ethersproject/strings@^5.0.8":
  version "5.0.9"
  resolved "https://registry.yarnpkg.com/@ethersproject/strings/-/strings-5.0.9.tgz#8e2eb2918b140231e1d1b883d77e43213a8ac280"
  integrity sha512-ogxBpcUpdO524CYs841MoJHgHxEPUy0bJFDS4Ezg8My+WYVMfVAOlZSLss0Rurbeeam8CpUVDzM4zUn09SU66Q==
  dependencies:
    "@ethersproject/bytes" "^5.0.9"
    "@ethersproject/constants" "^5.0.8"
    "@ethersproject/logger" "^5.0.8"

"@ethersproject/transactions@5.0.10", "@ethersproject/transactions@^5.0.9":
  version "5.0.10"
  resolved "https://registry.yarnpkg.com/@ethersproject/transactions/-/transactions-5.0.10.tgz#d50cafd80d27206336f80114bc0f18bc18687331"
  integrity sha512-Tqpp+vKYQyQdJQQk4M73tDzO7ODf2D42/sJOcKlDAAbdSni13v6a+31hUdo02qYXhVYwIs+ZjHnO4zKv5BNk8w==
  dependencies:
    "@ethersproject/address" "^5.0.9"
    "@ethersproject/bignumber" "^5.0.13"
    "@ethersproject/bytes" "^5.0.9"
    "@ethersproject/constants" "^5.0.8"
    "@ethersproject/keccak256" "^5.0.7"
    "@ethersproject/logger" "^5.0.8"
    "@ethersproject/properties" "^5.0.7"
    "@ethersproject/rlp" "^5.0.7"
    "@ethersproject/signing-key" "^5.0.8"

"@ethersproject/units@5.0.10":
  version "5.0.10"
  resolved "https://registry.yarnpkg.com/@ethersproject/units/-/units-5.0.10.tgz#9cca3b65cd0c92fab1bd33f2abd233546dd61987"
  integrity sha512-eaiHi9ham5lbC7qpqxpae7OY/nHJUnRUnFFuEwi2VB5Nwe3Np468OAV+e+HR+jAK4fHXQE6PFBTxWGtnZuO37g==
  dependencies:
    "@ethersproject/bignumber" "^5.0.13"
    "@ethersproject/constants" "^5.0.8"
    "@ethersproject/logger" "^5.0.8"

"@ethersproject/wallet@5.0.11":
  version "5.0.11"
  resolved "https://registry.yarnpkg.com/@ethersproject/wallet/-/wallet-5.0.11.tgz#9891936089d1b91e22ed59f850bc344b1544bf26"
  integrity sha512-2Fg/DOvUltR7aZTOyWWlQhru+SKvq2UE3uEhXSyCFgMqDQNuc2nHXh1SHJtN65jsEbjVIppOe1Q7EQMvhmeeRw==
  dependencies:
    "@ethersproject/abstract-provider" "^5.0.8"
    "@ethersproject/abstract-signer" "^5.0.10"
    "@ethersproject/address" "^5.0.9"
    "@ethersproject/bignumber" "^5.0.13"
    "@ethersproject/bytes" "^5.0.9"
    "@ethersproject/hash" "^5.0.10"
    "@ethersproject/hdnode" "^5.0.8"
    "@ethersproject/json-wallets" "^5.0.10"
    "@ethersproject/keccak256" "^5.0.7"
    "@ethersproject/logger" "^5.0.8"
    "@ethersproject/properties" "^5.0.7"
    "@ethersproject/random" "^5.0.7"
    "@ethersproject/signing-key" "^5.0.8"
    "@ethersproject/transactions" "^5.0.9"
    "@ethersproject/wordlists" "^5.0.8"

"@ethersproject/web@5.0.13", "@ethersproject/web@^5.0.12":
  version "5.0.13"
  resolved "https://registry.yarnpkg.com/@ethersproject/web/-/web-5.0.13.tgz#5a92ac6d835d2ebce95b6b645a86668736e2f532"
  integrity sha512-G3x/Ns7pQm21ALnWLbdBI5XkW/jrsbXXffI9hKNPHqf59mTxHYtlNiSwxdoTSwCef3Hn7uvGZpaSgTyxs7IufQ==
  dependencies:
    "@ethersproject/base64" "^5.0.7"
    "@ethersproject/bytes" "^5.0.9"
    "@ethersproject/logger" "^5.0.8"
    "@ethersproject/properties" "^5.0.7"
    "@ethersproject/strings" "^5.0.8"

"@ethersproject/wordlists@5.0.9", "@ethersproject/wordlists@^5.0.8":
  version "5.0.9"
  resolved "https://registry.yarnpkg.com/@ethersproject/wordlists/-/wordlists-5.0.9.tgz#f16cc0b317637c3ae9c689ebd7bc2cbbffadd013"
  integrity sha512-Sn6MTjZkfbriod6GG6+p43W09HOXT4gwcDVNj0YoPYlo4Zq2Fk6b1CU9KUX3c6aI17PrgYb4qwZm5BMuORyqyQ==
  dependencies:
    "@ethersproject/bytes" "^5.0.9"
    "@ethersproject/hash" "^5.0.10"
    "@ethersproject/logger" "^5.0.8"
    "@ethersproject/properties" "^5.0.7"
    "@ethersproject/strings" "^5.0.8"

aes-js@3.0.0:
  version "3.0.0"
  resolved "https://registry.yarnpkg.com/aes-js/-/aes-js-3.0.0.tgz#e21df10ad6c2053295bcbb8dab40b09dbea87e4d"
  integrity sha1-4h3xCtbCBTKVvLuNq0Cwnb6ofk0=

ansi-styles@^3.2.1:
  version "3.2.1"
  resolved "https://registry.yarnpkg.com/ansi-styles/-/ansi-styles-3.2.1.tgz#41fbb20243e50b12be0f04b8dedbf07520ce841d"
  integrity sha512-VT0ZI6kZRdTh8YyJw3SMbYm/u+NqfsAxEpWO0Pf9sq8/e94WxxOpPKx9FR1FlyCtOVDNOQ+8ntlqFxiRc+r5qA==
  dependencies:
    color-convert "^1.9.0"

arg@^4.1.0:
  version "4.1.3"
  resolved "https://registry.yarnpkg.com/arg/-/arg-4.1.3.tgz#269fc7ad5b8e42cb63c896d5666017261c144089"
  integrity sha512-58S9QDqG0Xx27YwPSt9fJxivjYl432YCwfDMfZ+71RAqUrZef7LrKQZ3LHLOwCS4FLNBplP533Zx895SeOCHvA==

argparse@^1.0.7:
  version "1.0.10"
  resolved "https://registry.yarnpkg.com/argparse/-/argparse-1.0.10.tgz#bcd6791ea5ae09725e17e5ad988134cd40b3d911"
  integrity sha512-o5Roy6tNG4SL/FOkCAN6RzjiakZS25RLYFrcMttJqbdd8BWrnA+fGz57iN5Pb06pvBGvl5gQ0B48dJlslXvoTg==
  dependencies:
    sprintf-js "~1.0.2"

axios@^0.21.1:
  version "0.21.1"
  resolved "https://registry.yarnpkg.com/axios/-/axios-0.21.1.tgz#22563481962f4d6bde9a76d516ef0e5d3c09b2b8"
  integrity sha512-dKQiRHxGD9PPRIUNIWvZhPTPpl1rf/OxTYKsqKUDjBwYylTvV7SjSHJb9ratfyzM6wCdLCOYLzs73qpg5c4iGA==
  dependencies:
    follow-redirects "^1.10.0"

balanced-match@^1.0.0:
  version "1.0.0"
  resolved "https://registry.yarnpkg.com/balanced-match/-/balanced-match-1.0.0.tgz#89b4d199ab2bee49de164ea02b89ce462d71b767"
  integrity sha1-ibTRmasr7kneFk6gK4nORi1xt2c=

bech32@1.1.4:
  version "1.1.4"
  resolved "https://registry.yarnpkg.com/bech32/-/bech32-1.1.4.tgz#e38c9f37bf179b8eb16ae3a772b40c356d4832e9"
  integrity sha512-s0IrSOzLlbvX7yp4WBfPITzpAU8sqQcpsmwXDiKwrG4r491vwCO/XpejasRNl0piBMe/DvP4Tz0mIS/X1DPJBQ==

bn.js@^4.11.8, bn.js@^4.11.9, bn.js@^4.4.0:
  version "4.11.9"
  resolved "https://registry.yarnpkg.com/bn.js/-/bn.js-4.11.9.tgz#26d556829458f9d1e81fc48952493d0ba3507828"
  integrity sha512-E6QoYqCKZfgatHTdHzs1RRKP7ip4vvm+EyRUeE2RF0NblwVvb0p6jSVeNTOFxPn26QXN2o6SMfNxKp6kU8zQaw==

brace-expansion@^1.1.7:
  version "1.1.11"
  resolved "https://registry.yarnpkg.com/brace-expansion/-/brace-expansion-1.1.11.tgz#3c7fcbf529d87226f3d2f52b966ff5271eb441dd"
  integrity sha512-iCuPHDFgrHX7H2vEI/5xpz07zSHB00TpugqhmYtVmMO6518mCuRMoOYFldEBl0g187ufozdaHgWKcYFb61qGiA==
  dependencies:
    balanced-match "^1.0.0"
    concat-map "0.0.1"

brorand@^1.1.0:
  version "1.1.0"
  resolved "https://registry.yarnpkg.com/brorand/-/brorand-1.1.0.tgz#12c25efe40a45e3c323eb8675a0a0ce57b22371f"
  integrity sha1-EsJe/kCkXjwyPrhnWgoM5XsiNx8=

buffer-from@^1.0.0:
  version "1.1.1"
  resolved "https://registry.yarnpkg.com/buffer-from/-/buffer-from-1.1.1.tgz#32713bc028f75c02fdb710d7c7bcec1f2c6070ef"
  integrity sha512-MQcXEUbCKtEo7bhqEs6560Hyd4XaovZlO/k9V3hjVUF/zwW7KBVdSK4gIt/bzwS9MbR5qob+F5jusZsb0YQK2A==

bufferutil@^4.0.1:
  version "4.0.3"
  resolved "https://registry.yarnpkg.com/bufferutil/-/bufferutil-4.0.3.tgz#66724b756bed23cd7c28c4d306d7994f9943cc6b"
  integrity sha512-yEYTwGndELGvfXsImMBLop58eaGW+YdONi1fNjTINSY98tmMmFijBG6WXgdkfuLNt4imzQNtIE+eBp1PVpMCSw==
  dependencies:
    node-gyp-build "^4.2.0"

builtin-modules@^1.1.1:
  version "1.1.1"
  resolved "https://registry.yarnpkg.com/builtin-modules/-/builtin-modules-1.1.1.tgz#270f076c5a72c02f5b65a47df94c5fe3a278892f"
  integrity sha1-Jw8HbFpywC9bZaR9+Uxf46J4iS8=

call-bind@^1.0.0, call-bind@^1.0.2:
  version "1.0.2"
  resolved "https://registry.yarnpkg.com/call-bind/-/call-bind-1.0.2.tgz#b1d4e89e688119c3c9a903ad30abb2f6a919be3c"
  integrity sha512-7O+FbCihrB5WGbFYesctwmTKae6rOiIzmz1icreWJ+0aA7LJfuqhEso2T9ncpcFtzMQtzXf2QGGueWJGTYsqrA==
  dependencies:
    function-bind "^1.1.1"
    get-intrinsic "^1.0.2"

chalk@^2.0.0, chalk@^2.3.0:
  version "2.4.2"
  resolved "https://registry.yarnpkg.com/chalk/-/chalk-2.4.2.tgz#cd42541677a54333cf541a49108c1432b44c9424"
  integrity sha512-Mti+f9lpJNcwF4tWV8/OrTTtF1gZi+f8FqlyAdouralcFWFQWF2+NgCHShjkCb+IFBLq9buZwE1xckQU4peSuQ==
  dependencies:
    ansi-styles "^3.2.1"
    escape-string-regexp "^1.0.5"
    supports-color "^5.3.0"

chnl@^1.2.0:
  version "1.2.0"
  resolved "https://registry.yarnpkg.com/chnl/-/chnl-1.2.0.tgz#d818c95367767a0880508e7cc0b5b3503f58fd4c"
  integrity sha512-g5gJb59edwCliFbX2j7G6sBfY4sX9YLy211yctONI2GRaiX0f2zIbKWmBm+sPqFNEpM7Ljzm7IJX/xrjiEbPrw==

color-convert@^1.9.0:
  version "1.9.3"
  resolved "https://registry.yarnpkg.com/color-convert/-/color-convert-1.9.3.tgz#bb71850690e1f136567de629d2d5471deda4c1e8"
  integrity sha512-QfAUtd+vFdAtFQcC8CCyYt1fYWxSqAiK2cSD6zDB8N3cpsEBAvRxp9zOGg6G/SHHJYAT88/az/IuDGALsNVbGg==
  dependencies:
    color-name "1.1.3"

color-name@1.1.3:
  version "1.1.3"
  resolved "https://registry.yarnpkg.com/color-name/-/color-name-1.1.3.tgz#a7d0558bd89c42f795dd42328f740831ca53bc25"
  integrity sha1-p9BVi9icQveV3UIyj3QIMcpTvCU=

commander@^2.12.1:
  version "2.20.3"
  resolved "https://registry.yarnpkg.com/commander/-/commander-2.20.3.tgz#fd485e84c03eb4881c20722ba48035e8531aeb33"
  integrity sha512-GpVkmM8vF2vQUkj2LvZmD35JxeJOLCwJ9cUkugyk2nuhbv3+mJvpLYYt+0+USMxE+oj+ey/lJEnhZw75x/OMcQ==

commander@^6.0.0:
  version "6.2.1"
  resolved "https://registry.yarnpkg.com/commander/-/commander-6.2.1.tgz#0792eb682dfbc325999bb2b84fddddba110ac73c"
  integrity sha512-U7VdrJFnJgo4xjrHpTzu0yrHPGImdsmD95ZlgYSEajAn2JKzDhDTPG9kBTefmObL2w/ngeZnilk+OV9CG3d7UA==

concat-map@0.0.1:
  version "0.0.1"
  resolved "https://registry.yarnpkg.com/concat-map/-/concat-map-0.0.1.tgz#d8a96bd77fd68df7793a73036a3ba0d5405d477b"
  integrity sha1-2Klr13/Wjfd5OnMDajug1UBdR3s=

create-require@^1.1.0:
  version "1.1.1"
  resolved "https://registry.yarnpkg.com/create-require/-/create-require-1.1.1.tgz#c1d7e8f1e5f6cfc9ff65f9cd352d37348756c333"
  integrity sha512-dcKFX3jn0MpIaXjisoRvexIJVEKzaq7z2rZKxf+MSr9TkdmHmsU4m2lcLojrj/FHl8mk5VxMmYA+ftRkP/3oKQ==

d@1, d@^1.0.1:
  version "1.0.1"
  resolved "https://registry.yarnpkg.com/d/-/d-1.0.1.tgz#8698095372d58dbee346ffd0c7093f99f8f9eb5a"
  integrity sha512-m62ShEObQ39CfralilEQRjH6oAMtNCV1xJyEx5LpRYUVN+EviphDgUc/F3hnYbADmkiNs67Y+3ylmlG7Lnu+FA==
  dependencies:
    es5-ext "^0.10.50"
    type "^1.0.1"

debug@^2.2.0:
  version "2.6.9"
  resolved "https://registry.yarnpkg.com/debug/-/debug-2.6.9.tgz#5d128515df134ff327e90a4c93f4e077a536341f"
  integrity sha512-bC7ElrdJaJnPbAP+1EotYvqZsb3ecl5wi6Bfi6BJTUcNowp6cvspg0jXznRTKDjm/E7AdgFBVeAPVMNcKGsHMA==
  dependencies:
    ms "2.0.0"

define-properties@^1.1.3:
  version "1.1.3"
  resolved "https://registry.yarnpkg.com/define-properties/-/define-properties-1.1.3.tgz#cf88da6cbee26fe6db7094f61d870cbd84cee9f1"
  integrity sha512-3MqfYKj2lLzdMSf8ZIZE/V+Zuy+BgD6f164e8K2w7dgnpKArBDerGYpM46IYYcjnkdPNMjPk9A6VFB8+3SKlXQ==
  dependencies:
    object-keys "^1.0.12"

diff@^4.0.1:
  version "4.0.2"
  resolved "https://registry.yarnpkg.com/diff/-/diff-4.0.2.tgz#60f3aecb89d5fae520c11aa19efc2bb982aade7d"
  integrity sha512-58lmxKSA4BNyLz+HHMUzlOEpg09FV+ev6ZMe3vJihgdxzgcwZ8VoEEPmALCZG9LmqfVoNMMKpttIYTVG6uDY7A==

elliptic@6.5.4:
  version "6.5.4"
  resolved "https://registry.yarnpkg.com/elliptic/-/elliptic-6.5.4.tgz#da37cebd31e79a1367e941b592ed1fbebd58abbb"
  integrity sha512-iLhC6ULemrljPZb+QutR5TQGB+pdW6KGD5RSegS+8sorOZT+rdQFbsQFJgvN3eRqNALqJer4oQ16YvJHlU8hzQ==
  dependencies:
    bn.js "^4.11.9"
    brorand "^1.1.0"
    hash.js "^1.0.0"
    hmac-drbg "^1.0.1"
    inherits "^2.0.4"
    minimalistic-assert "^1.0.1"
    minimalistic-crypto-utils "^1.0.1"

es-abstract@^1.17.0-next.0:
  version "1.17.7"
  resolved "https://registry.yarnpkg.com/es-abstract/-/es-abstract-1.17.7.tgz#a4de61b2f66989fc7421676c1cb9787573ace54c"
  integrity sha512-VBl/gnfcJ7OercKA9MVaegWsBHFjV492syMudcnQZvt/Dw8ezpcOHYZXa/J96O8vx+g4x65YKhxOwDUh63aS5g==
  dependencies:
    es-to-primitive "^1.2.1"
    function-bind "^1.1.1"
    has "^1.0.3"
    has-symbols "^1.0.1"
    is-callable "^1.2.2"
    is-regex "^1.1.1"
    object-inspect "^1.8.0"
    object-keys "^1.1.1"
    object.assign "^4.1.1"
    string.prototype.trimend "^1.0.1"
    string.prototype.trimstart "^1.0.1"

es-to-primitive@^1.2.1:
  version "1.2.1"
  resolved "https://registry.yarnpkg.com/es-to-primitive/-/es-to-primitive-1.2.1.tgz#e55cd4c9cdc188bcefb03b366c736323fc5c898a"
  integrity sha512-QCOllgZJtaUo9miYBcLChTUaHNjJF3PYs1VidD7AwiEj1kYxKeQTctLAezAOH5ZKRH0g2IgPn6KwB4IT8iRpvA==
  dependencies:
    is-callable "^1.1.4"
    is-date-object "^1.0.1"
    is-symbol "^1.0.2"

es5-ext@^0.10.35, es5-ext@^0.10.50:
  version "0.10.53"
  resolved "https://registry.yarnpkg.com/es5-ext/-/es5-ext-0.10.53.tgz#93c5a3acfdbef275220ad72644ad02ee18368de1"
  integrity sha512-Xs2Stw6NiNHWypzRTY1MtaG/uJlwCk8kH81920ma8mvN8Xq1gsfhZvpkImLQArw8AHnv8MT2I45J3c0R8slE+Q==
  dependencies:
    es6-iterator "~2.0.3"
    es6-symbol "~3.1.3"
    next-tick "~1.0.0"

es6-iterator@~2.0.3:
  version "2.0.3"
  resolved "https://registry.yarnpkg.com/es6-iterator/-/es6-iterator-2.0.3.tgz#a7de889141a05a94b0854403b2d0a0fbfa98f3b7"
  integrity sha1-p96IkUGgWpSwhUQDstCg+/qY87c=
  dependencies:
    d "1"
    es5-ext "^0.10.35"
    es6-symbol "^3.1.1"

es6-symbol@^3.1.1, es6-symbol@~3.1.3:
  version "3.1.3"
  resolved "https://registry.yarnpkg.com/es6-symbol/-/es6-symbol-3.1.3.tgz#bad5d3c1bcdac28269f4cb331e431c78ac705d18"
  integrity sha512-NJ6Yn3FuDinBaBRWl/q5X/s4koRHBrgKAu+yGI6JCBeiu3qrcbJhwT2GeR/EXVfylRk8dpQVJoLEFhK+Mu31NA==
  dependencies:
    d "^1.0.1"
    ext "^1.1.2"

escape-string-regexp@^1.0.5:
  version "1.0.5"
  resolved "https://registry.yarnpkg.com/escape-string-regexp/-/escape-string-regexp-1.0.5.tgz#1b61c0562190a8dff6ae3bb2cf0200ca130b86d4"
  integrity sha1-G2HAViGQqN/2rjuyzwIAyhMLhtQ=

esprima@^4.0.0:
  version "4.0.1"
  resolved "https://registry.yarnpkg.com/esprima/-/esprima-4.0.1.tgz#13b04cdb3e6c5d19df91ab6987a8695619b0aa71"
  integrity sha512-eGuFFw7Upda+g4p+QHvnW0RyTX/SVeJBDM/gCtMARO0cLuT2HcEKnTPvhjV6aGeqrCB/sbNop0Kszm0jsaWU4A==

ethers@^5.0.19:
  version "5.0.30"
  resolved "https://registry.yarnpkg.com/ethers/-/ethers-5.0.30.tgz#db440553ad9710bb9f3b1299c6d831cb258cdc8a"
  integrity sha512-CdY/zb8d0uEBaWNmDkAVWXO8FLs2plAPOjgukgYC95L5VKIZzZaCav7PAeG2IqGico4vtNu8l3ibXdXd6FqjrQ==
  dependencies:
    "@ethersproject/abi" "5.0.12"
    "@ethersproject/abstract-provider" "5.0.9"
    "@ethersproject/abstract-signer" "5.0.12"
    "@ethersproject/address" "5.0.10"
    "@ethersproject/base64" "5.0.8"
    "@ethersproject/basex" "5.0.8"
    "@ethersproject/bignumber" "5.0.14"
    "@ethersproject/bytes" "5.0.10"
    "@ethersproject/constants" "5.0.9"
    "@ethersproject/contracts" "5.0.10"
    "@ethersproject/hash" "5.0.11"
    "@ethersproject/hdnode" "5.0.9"
    "@ethersproject/json-wallets" "5.0.11"
    "@ethersproject/keccak256" "5.0.8"
    "@ethersproject/logger" "5.0.9"
    "@ethersproject/networks" "5.0.8"
    "@ethersproject/pbkdf2" "5.0.8"
    "@ethersproject/properties" "5.0.8"
    "@ethersproject/providers" "5.0.22"
    "@ethersproject/random" "5.0.8"
    "@ethersproject/rlp" "5.0.8"
    "@ethersproject/sha2" "5.0.8"
    "@ethersproject/signing-key" "5.0.10"
    "@ethersproject/solidity" "5.0.9"
    "@ethersproject/strings" "5.0.9"
    "@ethersproject/transactions" "5.0.10"
    "@ethersproject/units" "5.0.10"
    "@ethersproject/wallet" "5.0.11"
    "@ethersproject/web" "5.0.13"
    "@ethersproject/wordlists" "5.0.9"

ext@^1.1.2:
  version "1.4.0"
  resolved "https://registry.yarnpkg.com/ext/-/ext-1.4.0.tgz#89ae7a07158f79d35517882904324077e4379244"
  integrity sha512-Key5NIsUxdqKg3vIsdw9dSuXpPCQ297y6wBjL30edxwPgt2E44WcWBZey/ZvUc6sERLTxKdyCu4gZFmUbk1Q7A==
  dependencies:
    type "^2.0.0"

follow-redirects@^1.10.0:
  version "1.13.2"
  resolved "https://registry.yarnpkg.com/follow-redirects/-/follow-redirects-1.13.2.tgz#dd73c8effc12728ba5cf4259d760ea5fb83e3147"
  integrity sha512-6mPTgLxYm3r6Bkkg0vNM0HTjfGrOEtsfbhagQvbxDEsEkpNhw582upBaoRZylzen6krEmxXJgt9Ju6HiI4O7BA==

fs.realpath@^1.0.0:
  version "1.0.0"
  resolved "https://registry.yarnpkg.com/fs.realpath/-/fs.realpath-1.0.0.tgz#1504ad2523158caa40db4a2787cb01411994ea4f"
  integrity sha1-FQStJSMVjKpA20onh8sBQRmU6k8=

function-bind@^1.1.1:
  version "1.1.1"
  resolved "https://registry.yarnpkg.com/function-bind/-/function-bind-1.1.1.tgz#a56899d3ea3c9bab874bb9773b7c5ede92f4895d"
  integrity sha512-yIovAzMX49sF8Yl58fSCWJ5svSLuaibPxXQJFLmBObTuCr0Mf1KiPopGM9NiFjiYBCbfaa2Fh6breQ6ANVTI0A==

get-intrinsic@^1.0.2:
  version "1.1.1"
  resolved "https://registry.yarnpkg.com/get-intrinsic/-/get-intrinsic-1.1.1.tgz#15f59f376f855c446963948f0d24cd3637b4abc6"
  integrity sha512-kWZrnVM42QCiEA2Ig1bG8zjoIMOgxWwYCEeNdwY6Tv/cOSeGpcoX4pXHfKUxNKVoArnrEr2e9srnAxxGIraS9Q==
  dependencies:
    function-bind "^1.1.1"
    has "^1.0.3"
    has-symbols "^1.0.1"

glob@^7.1.1:
  version "7.1.6"
  resolved "https://registry.yarnpkg.com/glob/-/glob-7.1.6.tgz#141f33b81a7c2492e125594307480c46679278a6"
  integrity sha512-LwaxwyZ72Lk7vZINtNNrywX0ZuLyStrdDtabefZKAY5ZGJhVtgdznluResxNmPitE0SAO+O26sWTHeKSI2wMBA==
  dependencies:
    fs.realpath "^1.0.0"
    inflight "^1.0.4"
    inherits "2"
    minimatch "^3.0.4"
    once "^1.3.0"
    path-is-absolute "^1.0.0"

has-flag@^3.0.0:
  version "3.0.0"
  resolved "https://registry.yarnpkg.com/has-flag/-/has-flag-3.0.0.tgz#b5d454dc2199ae225699f3467e5a07f3b955bafd"
  integrity sha1-tdRU3CGZriJWmfNGfloH87lVuv0=

has-symbols@^1.0.1:
  version "1.0.1"
  resolved "https://registry.yarnpkg.com/has-symbols/-/has-symbols-1.0.1.tgz#9f5214758a44196c406d9bd76cebf81ec2dd31e8"
  integrity sha512-PLcsoqu++dmEIZB+6totNFKq/7Do+Z0u4oT0zKOJNl3lYK6vGwwu2hjHs+68OEZbTjiUE9bgOABXbP/GvrS0Kg==

has@^1.0.3:
  version "1.0.3"
  resolved "https://registry.yarnpkg.com/has/-/has-1.0.3.tgz#722d7cbfc1f6aa8241f16dd814e011e1f41e8796"
  integrity sha512-f2dvO0VU6Oej7RkWJGrehjbzMAjFp5/VKPp5tTpWIV4JHHZK1/BxbFRtf/siA2SWTe09caDmVtYYzWEIbBS4zw==
  dependencies:
    function-bind "^1.1.1"

hash.js@1.1.3:
  version "1.1.3"
  resolved "https://registry.yarnpkg.com/hash.js/-/hash.js-1.1.3.tgz#340dedbe6290187151c1ea1d777a3448935df846"
  integrity sha512-/UETyP0W22QILqS+6HowevwhEFJ3MBJnwTf75Qob9Wz9t0DPuisL8kW8YZMK62dHAKE1c1p+gY1TtOLY+USEHA==
  dependencies:
    inherits "^2.0.3"
    minimalistic-assert "^1.0.0"

hash.js@^1.0.0, hash.js@^1.0.3:
  version "1.1.7"
  resolved "https://registry.yarnpkg.com/hash.js/-/hash.js-1.1.7.tgz#0babca538e8d4ee4a0f8988d68866537a003cf42"
  integrity sha512-taOaskGt4z4SOANNseOviYDvjEJinIkRgmp7LbKP2YTTmVxWBl87s/uzK9r+44BclBSp2X7K1hqeNfz9JbBeXA==
  dependencies:
    inherits "^2.0.3"
    minimalistic-assert "^1.0.1"

hmac-drbg@^1.0.1:
  version "1.0.1"
  resolved "https://registry.yarnpkg.com/hmac-drbg/-/hmac-drbg-1.0.1.tgz#d2745701025a6c775a6c545793ed502fc0c649a1"
  integrity sha1-0nRXAQJabHdabFRXk+1QL8DGSaE=
  dependencies:
    hash.js "^1.0.3"
    minimalistic-assert "^1.0.0"
    minimalistic-crypto-utils "^1.0.1"

inflight@^1.0.4:
  version "1.0.6"
  resolved "https://registry.yarnpkg.com/inflight/-/inflight-1.0.6.tgz#49bd6331d7d02d0c09bc910a1075ba8165b56df9"
  integrity sha1-Sb1jMdfQLQwJvJEKEHW6gWW1bfk=
  dependencies:
    once "^1.3.0"
    wrappy "1"

inherits@2, inherits@^2.0.3, inherits@^2.0.4:
  version "2.0.4"
  resolved "https://registry.yarnpkg.com/inherits/-/inherits-2.0.4.tgz#0fa2c64f932917c3433a0ded55363aae37416b7c"
  integrity sha512-k/vGaX4/Yla3WzyMCvTQOXYeIHvqOKtnqBduzTHpzpQZzAskKMhZ2K+EnBiSM9zGSoIFeMpXKxa4dYeZIQqewQ==

is-callable@^1.1.4, is-callable@^1.2.2:
  version "1.2.3"
  resolved "https://registry.yarnpkg.com/is-callable/-/is-callable-1.2.3.tgz#8b1e0500b73a1d76c70487636f368e519de8db8e"
  integrity sha512-J1DcMe8UYTBSrKezuIUTUwjXsho29693unXM2YhJUTR2txK/eG47bvNa/wipPFmZFgr/N6f1GA66dv0mEyTIyQ==

is-core-module@^2.2.0:
  version "2.2.0"
  resolved "https://registry.yarnpkg.com/is-core-module/-/is-core-module-2.2.0.tgz#97037ef3d52224d85163f5597b2b63d9afed981a"
  integrity sha512-XRAfAdyyY5F5cOXn7hYQDqh2Xmii+DEfIcQGxK/uNwMHhIkPWO0g8msXcbzLe+MpGoR951MlqM/2iIlU4vKDdQ==
  dependencies:
    has "^1.0.3"

is-date-object@^1.0.1:
  version "1.0.2"
  resolved "https://registry.yarnpkg.com/is-date-object/-/is-date-object-1.0.2.tgz#bda736f2cd8fd06d32844e7743bfa7494c3bfd7e"
  integrity sha512-USlDT524woQ08aoZFzh3/Z6ch9Y/EWXEHQ/AaRN0SkKq4t2Jw2R2339tSXmwuVoY7LLlBCbOIlx2myP/L5zk0g==

is-regex@^1.1.1:
  version "1.1.2"
  resolved "https://registry.yarnpkg.com/is-regex/-/is-regex-1.1.2.tgz#81c8ebde4db142f2cf1c53fc86d6a45788266251"
  integrity sha512-axvdhb5pdhEVThqJzYXwMlVuZwC+FF2DpcOhTS+y/8jVq4trxyPgfcwIxIKiyeuLlSQYKkmUaPQJ8ZE4yNKXDg==
  dependencies:
    call-bind "^1.0.2"
    has-symbols "^1.0.1"

is-symbol@^1.0.2:
  version "1.0.3"
  resolved "https://registry.yarnpkg.com/is-symbol/-/is-symbol-1.0.3.tgz#38e1014b9e6329be0de9d24a414fd7441ec61937"
  integrity sha512-OwijhaRSgqvhm/0ZdAcXNZt9lYdKFpcRDT5ULUuYXPoT794UNOdU+gpT6Rzo7b4V2HUl/op6GqY894AZwv9faQ==
  dependencies:
    has-symbols "^1.0.1"

is-typedarray@^1.0.0:
  version "1.0.0"
  resolved "https://registry.yarnpkg.com/is-typedarray/-/is-typedarray-1.0.0.tgz#e479c80858df0c1b11ddda6940f96011fcda4a9a"
  integrity sha1-5HnICFjfDBsR3dppQPlgEfzaSpo=

js-sha3@0.5.7:
  version "0.5.7"
  resolved "https://registry.yarnpkg.com/js-sha3/-/js-sha3-0.5.7.tgz#0d4ffd8002d5333aabaf4a23eed2f6374c9f28e7"
  integrity sha1-DU/9gALVMzqrr0oj7tL2N0yfKOc=

js-tokens@^4.0.0:
  version "4.0.0"
  resolved "https://registry.yarnpkg.com/js-tokens/-/js-tokens-4.0.0.tgz#19203fb59991df98e3a287050d4647cdeaf32499"
  integrity sha512-RdJUflcE3cUzKiMqQgsCu06FPu9UdIJO0beYbPhHN4k6apgJtifcoCtT9bcxOpYBtpD2kCM6Sbzg4CausW/PKQ==

js-yaml@^3.13.1:
  version "3.14.1"
  resolved "https://registry.yarnpkg.com/js-yaml/-/js-yaml-3.14.1.tgz#dae812fdb3825fa306609a8717383c50c36a0537"
  integrity sha512-okMH7OXXJ7YrN9Ok3/SXrnu4iX9yOk+25nqX4imS2npuvTYDmo/QEZoqwZkYaIDk3jVvBOTOIEgEhaLOynBS9g==
  dependencies:
    argparse "^1.0.7"
    esprima "^4.0.0"

keccak256@^1.0.2:
  version "1.0.2"
  resolved "https://registry.yarnpkg.com/keccak256/-/keccak256-1.0.2.tgz#ee0d38c2d5fb817f39d37c3fef842cab0164a067"
  integrity sha512-f2EncSgmHmmQOkgxZ+/f2VaWTNkFL6f39VIrpoX+p8cEXJVyyCs/3h9GNz/ViHgwchxvv7oG5mjT2Tk4ZqInag==
  dependencies:
    bn.js "^4.11.8"
    keccak "^3.0.1"

keccak@^3.0.1:
  version "3.0.1"
  resolved "https://registry.yarnpkg.com/keccak/-/keccak-3.0.1.tgz#ae30a0e94dbe43414f741375cff6d64c8bea0bff"
  integrity sha512-epq90L9jlFWCW7+pQa6JOnKn2Xgl2mtI664seYR6MHskvI9agt7AnDqmAlp9TqU4/caMYbA08Hi5DMZAl5zdkA==
  dependencies:
    node-addon-api "^2.0.0"
    node-gyp-build "^4.2.0"

make-error@^1.1.1:
  version "1.3.6"
  resolved "https://registry.yarnpkg.com/make-error/-/make-error-1.3.6.tgz#2eb2e37ea9b67c4891f684a1394799af484cf7a2"
  integrity sha512-s8UhlNe7vPKomQhC1qFelMokr/Sc3AgNbso3n74mVPA5LTZwkB9NlXf4XPamLxJE8h0gh73rM94xvwRT2CVInw==

minimalistic-assert@^1.0.0, minimalistic-assert@^1.0.1:
  version "1.0.1"
  resolved "https://registry.yarnpkg.com/minimalistic-assert/-/minimalistic-assert-1.0.1.tgz#2e194de044626d4a10e7f7fbc00ce73e83e4d5c7"
  integrity sha512-UtJcAD4yEaGtjPezWuO9wC4nwUnVH/8/Im3yEHQP4b67cXlD/Qr9hdITCU1xDbSEXg2XKNaP8jsReV7vQd00/A==

minimalistic-crypto-utils@^1.0.1:
  version "1.0.1"
  resolved "https://registry.yarnpkg.com/minimalistic-crypto-utils/-/minimalistic-crypto-utils-1.0.1.tgz#f6c00c1c0b082246e5c4d99dfb8c7c083b2b582a"
  integrity sha1-9sAMHAsIIkblxNmd+4x8CDsrWCo=

minimatch@^3.0.4:
  version "3.0.4"
  resolved "https://registry.yarnpkg.com/minimatch/-/minimatch-3.0.4.tgz#5166e286457f03306064be5497e8dbb0c3d32083"
  integrity sha512-yJHVQEhyqPLUTgt9B83PXu6W3rx4MvvHvSUvToogpwoGDOUQ+yDrR0HRot+yOCdCO7u4hX3pWft6kWBBcqh0UA==
  dependencies:
    brace-expansion "^1.1.7"

minimist@^1.2.5:
  version "1.2.5"
  resolved "https://registry.yarnpkg.com/minimist/-/minimist-1.2.5.tgz#67d66014b66a6a8aaa0c083c5fd58df4e4e97602"
  integrity sha512-FM9nNUYrRBAELZQT3xeZQ7fmMOBg6nWNmJKTcgsJeaLstP/UODVpGsr5OhXhhXg6f+qtJ8uiZ+PUxkDWcgIXLw==

mkdirp@^0.5.3:
  version "0.5.5"
  resolved "https://registry.yarnpkg.com/mkdirp/-/mkdirp-0.5.5.tgz#d91cefd62d1436ca0f41620e251288d420099def"
  integrity sha512-NKmAlESf6jMGym1++R0Ra7wvhV+wFW63FaSOFPwRahvea0gMUcGUhVeAg/0BC0wiv9ih5NYPB1Wn1UEI1/L+xQ==
  dependencies:
    minimist "^1.2.5"

ms@2.0.0:
  version "2.0.0"
  resolved "https://registry.yarnpkg.com/ms/-/ms-2.0.0.tgz#5608aeadfc00be6c2901df5f9861788de0d597c8"
  integrity sha1-VgiurfwAvmwpAd9fmGF4jeDVl8g=

next-tick@~1.0.0:
  version "1.0.0"
  resolved "https://registry.yarnpkg.com/next-tick/-/next-tick-1.0.0.tgz#ca86d1fe8828169b0120208e3dc8424b9db8342c"
  integrity sha1-yobR/ogoFpsBICCOPchCS524NCw=

node-addon-api@^2.0.0:
  version "2.0.2"
  resolved "https://registry.yarnpkg.com/node-addon-api/-/node-addon-api-2.0.2.tgz#432cfa82962ce494b132e9d72a15b29f71ff5d32"
  integrity sha512-Ntyt4AIXyaLIuMHF6IOoTakB3K+RWxwtsHNRxllEoA6vPwP9o4866g6YWDLUdnucilZhmkxiHwHr11gAENw+QA==

node-gyp-build@^4.2.0:
  version "4.2.3"
  resolved "https://registry.yarnpkg.com/node-gyp-build/-/node-gyp-build-4.2.3.tgz#ce6277f853835f718829efb47db20f3e4d9c4739"
  integrity sha512-MN6ZpzmfNCRM+3t57PTJHgHyw/h4OWnZ6mR8P5j/uZtqQr46RRuDE/P+g3n0YR/AiYXeWixZZzaip77gdICfRg==

object-inspect@^1.8.0:
  version "1.9.0"
  resolved "https://registry.yarnpkg.com/object-inspect/-/object-inspect-1.9.0.tgz#c90521d74e1127b67266ded3394ad6116986533a"
  integrity sha512-i3Bp9iTqwhaLZBxGkRfo5ZbE07BQRT7MGu8+nNgwW9ItGp1TzCTw2DLEoWwjClxBjOFI/hWljTAmYGCEwmtnOw==

object-keys@^1.0.12, object-keys@^1.1.1:
  version "1.1.1"
  resolved "https://registry.yarnpkg.com/object-keys/-/object-keys-1.1.1.tgz#1c47f272df277f3b1daf061677d9c82e2322c60e"
  integrity sha512-NuAESUOUMrlIXOfHKzD6bpPu3tYt3xvjNdRIQ+FeT0lNb4K8WR70CaDxhuNguS2XG+GjkyMwOzsN5ZktImfhLA==

object.assign@^4.1.1:
  version "4.1.2"
  resolved "https://registry.yarnpkg.com/object.assign/-/object.assign-4.1.2.tgz#0ed54a342eceb37b38ff76eb831a0e788cb63940"
  integrity sha512-ixT2L5THXsApyiUPYKmW+2EHpXXe5Ii3M+f4e+aJFAHao5amFRW6J0OO6c/LU8Be47utCx2GL89hxGB6XSmKuQ==
  dependencies:
    call-bind "^1.0.0"
    define-properties "^1.1.3"
    has-symbols "^1.0.1"
    object-keys "^1.1.1"

once@^1.3.0:
  version "1.4.0"
  resolved "https://registry.yarnpkg.com/once/-/once-1.4.0.tgz#583b1aa775961d4b113ac17d9c50baef9dd76bd1"
  integrity sha1-WDsap3WWHUsROsF9nFC6753Xa9E=
  dependencies:
    wrappy "1"

path-is-absolute@^1.0.0:
  version "1.0.1"
  resolved "https://registry.yarnpkg.com/path-is-absolute/-/path-is-absolute-1.0.1.tgz#174b9268735534ffbc7ace6bf53a5a9e1b5c5f5f"
  integrity sha1-F0uSaHNVNP+8es5r9TpanhtcX18=

path-parse@^1.0.6:
  version "1.0.6"
  resolved "https://registry.yarnpkg.com/path-parse/-/path-parse-1.0.6.tgz#d62dbb5679405d72c4737ec58600e9ddcf06d24c"
  integrity sha512-GSmOT2EbHrINBf9SR7CDELwlJ8AENk3Qn7OikK4nFYAu3Ote2+JYNVvkpAEQm3/TLNEJFD/xZJjzyxg3KBWOzw==

promise-controller@^1.0.0:
  version "1.0.0"
  resolved "https://registry.yarnpkg.com/promise-controller/-/promise-controller-1.0.0.tgz#81ebea71271aa40ac8f3bebccab3d4158dc4cc02"
  integrity sha512-goA0zA9L91tuQbUmiMinSYqlyUtEgg4fxJcjYnLYOQnrktb4o4UqciXDNXiRUPiDBPACmsr1k8jDW4r7UDq9Qw==

promise.prototype.finally@^3.1.2:
  version "3.1.2"
  resolved "https://registry.yarnpkg.com/promise.prototype.finally/-/promise.prototype.finally-3.1.2.tgz#b8af89160c9c673cefe3b4c4435b53cfd0287067"
  integrity sha512-A2HuJWl2opDH0EafgdjwEw7HysI8ff/n4lW4QEVBCUXFk9QeGecBWv0Deph0UmLe3tTNYegz8MOjsVuE6SMoJA==
  dependencies:
    define-properties "^1.1.3"
    es-abstract "^1.17.0-next.0"
    function-bind "^1.1.1"

resolve@^1.3.2:
  version "1.20.0"
  resolved "https://registry.yarnpkg.com/resolve/-/resolve-1.20.0.tgz#629a013fb3f70755d6f0b7935cc1c2c5378b1975"
  integrity sha512-wENBPt4ySzg4ybFQW2TT1zMQucPK95HSh/nq2CFTZVOGut2+pQvSsgtda4d26YrYcr067wjbmzOG8byDPBX63A==
  dependencies:
    is-core-module "^2.2.0"
    path-parse "^1.0.6"

scrypt-js@3.0.1:
  version "3.0.1"
  resolved "https://registry.yarnpkg.com/scrypt-js/-/scrypt-js-3.0.1.tgz#d314a57c2aef69d1ad98a138a21fe9eafa9ee312"
  integrity sha512-cdwTTnqPu0Hyvf5in5asVdZocVDTNRmR7XEcJuIzMjJeSHybHl7vpB66AzwTaIg6CLSbtjcxc8fqcySfnTkccA==

semver@^5.3.0:
  version "5.7.1"
  resolved "https://registry.yarnpkg.com/semver/-/semver-5.7.1.tgz#a954f931aeba508d307bbf069eff0c01c96116f7"
  integrity sha512-sauaDf/PZdVgrLTNYHRtpXa1iRiKcaebiKQ1BJdpQlWH2lCvexQdX55snPFyK7QzpudqbCI0qXFfOasHdyNDGQ==

source-map-support@^0.5.17:
  version "0.5.19"
  resolved "https://registry.yarnpkg.com/source-map-support/-/source-map-support-0.5.19.tgz#a98b62f86dcaf4f67399648c085291ab9e8fed61"
  integrity sha512-Wonm7zOCIJzBGQdB+thsPar0kYuCIzYvxZwlBa87yi/Mdjv7Tip2cyVbLj5o0cFPN4EVkuTwb3GDDyUx2DGnGw==
  dependencies:
    buffer-from "^1.0.0"
    source-map "^0.6.0"

source-map@^0.6.0:
  version "0.6.1"
  resolved "https://registry.yarnpkg.com/source-map/-/source-map-0.6.1.tgz#74722af32e9614e9c287a8d0bbde48b5e2f1a263"
  integrity sha512-UjgapumWlbMhkBgzT7Ykc5YXUT46F0iKu8SGXq0bcwP5dz/h0Plj6enJqjz1Zbq2l5WaqYnrVbwWOWMyF3F47g==

sprintf-js@~1.0.2:
  version "1.0.3"
  resolved "https://registry.yarnpkg.com/sprintf-js/-/sprintf-js-1.0.3.tgz#04e6926f662895354f3dd015203633b857297e2c"
  integrity sha1-BOaSb2YolTVPPdAVIDYzuFcpfiw=

string.prototype.trimend@^1.0.1:
  version "1.0.3"
  resolved "https://registry.yarnpkg.com/string.prototype.trimend/-/string.prototype.trimend-1.0.3.tgz#a22bd53cca5c7cf44d7c9d5c732118873d6cd18b"
  integrity sha512-ayH0pB+uf0U28CtjlLvL7NaohvR1amUvVZk+y3DYb0Ey2PUV5zPkkKy9+U1ndVEIXO8hNg18eIv9Jntbii+dKw==
  dependencies:
    call-bind "^1.0.0"
    define-properties "^1.1.3"

string.prototype.trimstart@^1.0.1:
  version "1.0.3"
  resolved "https://registry.yarnpkg.com/string.prototype.trimstart/-/string.prototype.trimstart-1.0.3.tgz#9b4cb590e123bb36564401d59824298de50fd5aa"
  integrity sha512-oBIBUy5lea5tt0ovtOFiEQaBkoBBkyJhZXzJYrSmDo5IUUqbOPvVezuRs/agBIdZ2p2Eo1FD6bD9USyBLfl3xg==
  dependencies:
    call-bind "^1.0.0"
    define-properties "^1.1.3"

supports-color@^5.3.0:
  version "5.5.0"
  resolved "https://registry.yarnpkg.com/supports-color/-/supports-color-5.5.0.tgz#e2e69a44ac8772f78a1ec0b35b689df6530efc8f"
  integrity sha512-QjVjwdXIt408MIiAqCX4oUKsgU2EqAGzs2Ppkm4aQYbjm+ZEWEcW4SfFNTr4uMNZma0ey4f5lgLrkB0aX0QMow==
  dependencies:
    has-flag "^3.0.0"

ts-node@^9.0.0:
  version "9.1.1"
  resolved "https://registry.yarnpkg.com/ts-node/-/ts-node-9.1.1.tgz#51a9a450a3e959401bda5f004a72d54b936d376d"
  integrity sha512-hPlt7ZACERQGf03M253ytLY3dHbGNGrAq9qIHWUY9XHYl1z7wYngSr3OQ5xmui8o2AaxsONxIzjafLUiWBo1Fg==
  dependencies:
    arg "^4.1.0"
    create-require "^1.1.0"
    diff "^4.0.1"
    make-error "^1.1.1"
    source-map-support "^0.5.17"
    yn "3.1.1"

ts-postgres@^1.1.3:
  version "1.1.3"
  resolved "https://registry.yarnpkg.com/ts-postgres/-/ts-postgres-1.1.3.tgz#d848d843a9c61445cdc553af5ef8974d13bebd84"
  integrity sha512-T7Ibw5bZ5Bpf2dH3h44Xp0tigSYnZbgl6DdvJuwQKEOxqFPiTXPZGal+KyCLCNmOgcGOP15iYdbu7J6siMdm8w==
  dependencies:
    ts-typed-events "^1.1.1"

ts-typed-events@^1.1.1:
  version "1.1.1"
  resolved "https://registry.yarnpkg.com/ts-typed-events/-/ts-typed-events-1.1.1.tgz#9736c79c008cdd61fc536b98a806e85bf25053cf"
  integrity sha512-jftubiJvjHWcHIFUgLOGB1NjybQwKpAWX1Rb9FeVGw9R6LvqjdBdkowFQUTTjcpaVmmJXXvuwjZFhDuqnr9xQQ==

tslib@^1.13.0, tslib@^1.8.1:
  version "1.14.1"
  resolved "https://registry.yarnpkg.com/tslib/-/tslib-1.14.1.tgz#cf2d38bdc34a134bcaf1091c41f6619e2f672d00"
  integrity sha512-Xni35NKzjgMrwevysHTCArtLDpPvye8zV/0E4EyYn43P7/7qvQwPh9BGkHewbMulVntbigmcT7rdX3BNo9wRJg==

tslint@^6.0.0-beta0:
  version "6.1.3"
  resolved "https://registry.yarnpkg.com/tslint/-/tslint-6.1.3.tgz#5c23b2eccc32487d5523bd3a470e9aa31789d904"
  integrity sha512-IbR4nkT96EQOvKE2PW/djGz8iGNeJ4rF2mBfiYaR/nvUWYKJhLwimoJKgjIFEIDibBtOevj7BqCRL4oHeWWUCg==
  dependencies:
    "@babel/code-frame" "^7.0.0"
    builtin-modules "^1.1.1"
    chalk "^2.3.0"
    commander "^2.12.1"
    diff "^4.0.1"
    glob "^7.1.1"
    js-yaml "^3.13.1"
    minimatch "^3.0.4"
    mkdirp "^0.5.3"
    resolve "^1.3.2"
    semver "^5.3.0"
    tslib "^1.13.0"
    tsutils "^2.29.0"

tsutils@^2.29.0:
  version "2.29.0"
  resolved "https://registry.yarnpkg.com/tsutils/-/tsutils-2.29.0.tgz#32b488501467acbedd4b85498673a0812aca0b99"
  integrity sha512-g5JVHCIJwzfISaXpXE1qvNalca5Jwob6FjI4AoPlqMusJ6ftFE7IkkFoMhVLRgK+4Kx3gkzb8UZK5t5yTTvEmA==
  dependencies:
    tslib "^1.8.1"

type@^1.0.1:
  version "1.2.0"
  resolved "https://registry.yarnpkg.com/type/-/type-1.2.0.tgz#848dd7698dafa3e54a6c479e759c4bc3f18847a0"
  integrity sha512-+5nt5AAniqsCnu2cEQQdpzCAh33kVx8n0VoFidKpB1dVVLAN/F+bgVOqOJqOnEnrhp222clB5p3vUlD+1QAnfg==

type@^2.0.0:
  version "2.2.0"
  resolved "https://registry.yarnpkg.com/type/-/type-2.2.0.tgz#3edd448793f517d8b9dd108b486a043f5befd91f"
  integrity sha512-M/u37b4oSGlusaU8ZB96BfFPWQ8MbsZYXB+kXGMiDj6IKinkcNaQvmirBuWj8mAXqP6LYn1rQvbTYum3yPhaOA==

typedarray-to-buffer@^3.1.5:
  version "3.1.5"
  resolved "https://registry.yarnpkg.com/typedarray-to-buffer/-/typedarray-to-buffer-3.1.5.tgz#a97ee7a9ff42691b9f783ff1bc5112fe3fca9080"
  integrity sha512-zdu8XMNEDepKKR+XYOXAVPtWui0ly0NtohUscw+UmaHiAWT8hrV1rr//H6V+0DvJ3OQ19S979M0laLfX8rm82Q==
  dependencies:
    is-typedarray "^1.0.0"

typescript@^4.0.5:
  version "4.1.5"
  resolved "https://registry.yarnpkg.com/typescript/-/typescript-4.1.5.tgz#123a3b214aaff3be32926f0d8f1f6e704eb89a72"
  integrity sha512-6OSu9PTIzmn9TCDiovULTnET6BgXtDYL4Gg4szY+cGsc3JP1dQL8qvE8kShTRx1NIw4Q9IBHlwODjkjWEtMUyA==

utf-8-validate@^5.0.2:
  version "5.0.4"
  resolved "https://registry.yarnpkg.com/utf-8-validate/-/utf-8-validate-5.0.4.tgz#72a1735983ddf7a05a43a9c6b67c5ce1c910f9b8"
  integrity sha512-MEF05cPSq3AwJ2C7B7sHAA6i53vONoZbMGX8My5auEVm6W+dJ2Jd/TZPyGJ5CH42V2XtbI5FD28HeHeqlPzZ3Q==
  dependencies:
    node-gyp-build "^4.2.0"

websocket-as-promised@^1.1.0:
  version "1.1.0"
  resolved "https://registry.yarnpkg.com/websocket-as-promised/-/websocket-as-promised-1.1.0.tgz#3f5666645a5efdb3a6d89d53eb2f925649a70c32"
  integrity sha512-agq8bPsPFKBWinKQkoXwY7LoBYe+2fQ7Gnuxx964+BTIiyAdL130FnB60bXuVQdUCdaS17R/MyRaaO4WIqtl4Q==
  dependencies:
    chnl "^1.2.0"
    promise-controller "^1.0.0"
    promise.prototype.finally "^3.1.2"

websocket@^1.0.30:
  version "1.0.33"
  resolved "https://registry.yarnpkg.com/websocket/-/websocket-1.0.33.tgz#407f763fc58e74a3fa41ca3ae5d78d3f5e3b82a5"
  integrity sha512-XwNqM2rN5eh3G2CUQE3OHZj+0xfdH42+OFK6LdC2yqiC0YU8e5UK0nYre220T0IyyN031V/XOvtHvXozvJYFWA==
  dependencies:
    bufferutil "^4.0.1"
    debug "^2.2.0"
    es5-ext "^0.10.50"
    typedarray-to-buffer "^3.1.5"
    utf-8-validate "^5.0.2"
    yaeti "^0.0.6"

wrappy@1:
  version "1.0.2"
  resolved "https://registry.yarnpkg.com/wrappy/-/wrappy-1.0.2.tgz#b5243d8f3ec1aa35f1364605bc0d1036e30ab69f"
  integrity sha1-tSQ9jz7BqjXxNkYFvA0QNuMKtp8=

ws@7.2.3:
  version "7.2.3"
  resolved "https://registry.yarnpkg.com/ws/-/ws-7.2.3.tgz#a5411e1fb04d5ed0efee76d26d5c46d830c39b46"
  integrity sha512-HTDl9G9hbkNDk98naoR/cHDws7+EyYMOdL1BmjsZXRUjf7d+MficC4B7HLUPlSiho0vg+CWKrGIt/VJBd1xunQ==

yaeti@^0.0.6:
  version "0.0.6"
  resolved "https://registry.yarnpkg.com/yaeti/-/yaeti-0.0.6.tgz#f26f484d72684cf42bedfb76970aa1608fbf9577"
  integrity sha1-8m9ITXJoTPQr7ft2lwqhYI+/lXc=

yn@3.1.1:
  version "3.1.1"
  resolved "https://registry.yarnpkg.com/yn/-/yn-3.1.1.tgz#1e87401a09d767c1d5eab26a6e4c185182d2eb50"
  integrity sha512-Ux4ygGWsu2c7isFWe8Yu1YluJmqVhxqK2cLXNQA5AcC3QfbGNpM7fu0Y8b/z16pXLnFxZYvWhd3fhBY9DLmC6Q==

zksync-crypto@^0.4.2:
  version "0.4.2"
  resolved "https://registry.yarnpkg.com/zksync-crypto/-/zksync-crypto-0.4.2.tgz#58dd8629ce222f14b3ad83f2c50a68fec6363974"
  integrity sha512-PQw0e7t80uP7c5LHonEh4dS4wGpK2TC4uYR/16jcDCaCS2wY/exF37hAOeQiskb0hnU2C6/jqtvBMbsMTzVh7Q==

"zksync@link:../../sdk/zksync.js":
  version "0.0.0"
  uid ""
