# THIS IS AN AUTOGENERATED FILE. DO NOT EDIT THIS FILE DIRECTLY.
# yarn lockfile v1


"@types/node@^10.3.2":
  version "10.17.5"
  resolved "https://registry.yarnpkg.com/@types/node/-/node-10.17.5.tgz#c1920150f7b90708a7d0f3add12a06bc9123c055"
  integrity sha512-RElZIr/7JreF1eY6oD5RF3kpmdcreuQPjg5ri4oQ5g9sq7YWU8HkfB3eH8GwAwxf5OaCh0VPi7r4N/yoTGelrA==

aes-js@3.0.0:
  version "3.0.0"
  resolved "https://registry.yarnpkg.com/aes-js/-/aes-js-3.0.0.tgz#e21df10ad6c2053295bcbb8dab40b09dbea87e4d"
  integrity sha1-4h3xCtbCBTKVvLuNq0Cwnb6ofk0=

axios@^0.19.0:
  version "0.19.0"
  resolved "https://registry.yarnpkg.com/axios/-/axios-0.19.0.tgz#8e09bff3d9122e133f7b8101c8fbdd00ed3d2ab8"
  integrity sha512-1uvKqKQta3KBxIz14F2v06AEHZ/dIoeKfbTRkK1E5oqjDnuEerLmYTgJB5AiQZHJcljpg1TuRzdjDR06qNk0DQ==
  dependencies:
    follow-redirects "1.5.10"
    is-buffer "^2.0.2"

blake2b-wasm@^1.1.0:
  version "1.1.7"
  resolved "https://registry.yarnpkg.com/blake2b-wasm/-/blake2b-wasm-1.1.7.tgz#e4d075da10068e5d4c3ec1fb9accc4d186c55d81"
  integrity sha512-oFIHvXhlz/DUgF0kq5B1CqxIDjIJwh9iDeUUGQUcvgiGz7Wdw03McEO7CfLBy7QKGdsydcMCgO9jFNBAFCtFcA==
  dependencies:
    nanoassert "^1.0.0"

blake2b@^2.1.3:
  version "2.1.3"
  resolved "https://registry.yarnpkg.com/blake2b/-/blake2b-2.1.3.tgz#f5388be424768e7c6327025dad0c3c6d83351bca"
  integrity sha512-pkDss4xFVbMb4270aCyGD3qLv92314Et+FsKzilCLxDz5DuZ2/1g3w4nmBbu6nKApPspnjG7JcwTjGZnduB1yg==
  dependencies:
    blake2b-wasm "^1.1.0"
    nanoassert "^1.0.0"

bn.js@^4.4.0:
  version "4.11.8"
  resolved "https://registry.yarnpkg.com/bn.js/-/bn.js-4.11.8.tgz#2cde09eb5ee341f484746bb0309b3253b1b1442f"
  integrity sha512-ItfYfPLkWHUjckQCk8xC+LwxgK8NYcXywGigJgSwOP8Y2iyWT4f2vsZnoOXTTbo+o5yXmIUJ4gn5538SO5S3gA==

bn.js@^5.0.0:
  version "5.0.0"
  resolved "https://registry.yarnpkg.com/bn.js/-/bn.js-5.0.0.tgz#5c3d398021b3ddb548c1296a16f857e908f35c70"
  integrity sha512-bVwDX8AF+72fIUNuARelKAlQUNtPOfG2fRxorbVvFk4zpHbqLrPdOGfVg5vrKwVzLLePqPBiATaOZNELQzmS0A==

brorand@^1.0.1:
  version "1.1.0"
  resolved "https://registry.yarnpkg.com/brorand/-/brorand-1.1.0.tgz#12c25efe40a45e3c323eb8675a0a0ce57b22371f"
  integrity sha1-EsJe/kCkXjwyPrhnWgoM5XsiNx8=

chnl@^0.5.0:
  version "0.5.0"
  resolved "https://registry.yarnpkg.com/chnl/-/chnl-0.5.0.tgz#ed7aea426043fce5685e547f7297193b6d2bef8c"
  integrity sha512-0dl4ZJfAZdLn9mDnWejs5nasZKVnDTwdXV+dkxodYbb//GJDtXNhPlqCCYUb1xF0NQpIB5zlHRDrU1RCB4BRog==

crypto-js@^3.1.9-1:
  version "3.1.9-1"
  resolved "https://registry.yarnpkg.com/crypto-js/-/crypto-js-3.1.9-1.tgz#fda19e761fc077e01ffbfdc6e9fdfc59e8806cd8"
  integrity sha1-/aGedh/Ad+Af+/3G6f38WeiAbNg=

debug@=3.1.0:
  version "3.1.0"
  resolved "https://registry.yarnpkg.com/debug/-/debug-3.1.0.tgz#5bb5a0672628b64149566ba16819e61518c67261"
  integrity sha512-OX8XqP7/1a9cqkxYw2yXss15f26NKWBpDXQd0/uK/KPqdQhxbPa994hnzjcE2VqQpDslf55723cKPUOGSmMY3g==
  dependencies:
    ms "2.0.0"

debug@^2.2.0:
  version "2.6.9"
  resolved "https://registry.yarnpkg.com/debug/-/debug-2.6.9.tgz#5d128515df134ff327e90a4c93f4e077a536341f"
  integrity sha512-bC7ElrdJaJnPbAP+1EotYvqZsb3ecl5wi6Bfi6BJTUcNowp6cvspg0jXznRTKDjm/E7AdgFBVeAPVMNcKGsHMA==
  dependencies:
    ms "2.0.0"

define-properties@^1.1.3:
  version "1.1.3"
  resolved "https://registry.yarnpkg.com/define-properties/-/define-properties-1.1.3.tgz#cf88da6cbee26fe6db7094f61d870cbd84cee9f1"
  integrity sha512-3MqfYKj2lLzdMSf8ZIZE/V+Zuy+BgD6f164e8K2w7dgnpKArBDerGYpM46IYYcjnkdPNMjPk9A6VFB8+3SKlXQ==
  dependencies:
    object-keys "^1.0.12"

elliptic@6.3.3:
  version "6.3.3"
  resolved "https://registry.yarnpkg.com/elliptic/-/elliptic-6.3.3.tgz#5482d9646d54bcb89fd7d994fc9e2e9568876e3f"
  integrity sha1-VILZZG1UvLif19mU/J4ulWiHbj8=
  dependencies:
    bn.js "^4.4.0"
    brorand "^1.0.1"
    hash.js "^1.0.0"
    inherits "^2.0.1"

elliptic@^6.5.0:
  version "6.5.1"
  resolved "https://registry.yarnpkg.com/elliptic/-/elliptic-6.5.1.tgz#c380f5f909bf1b9b4428d028cd18d3b0efd6b52b"
  integrity sha512-xvJINNLbTeWQjrl6X+7eQCrIy/YPv5XCpKW6kB5mKvtnGILoLDcySuwomfdzt0BMdLNVnuRNTuzKNHj0bva1Cg==
  dependencies:
    bn.js "^4.4.0"
    brorand "^1.0.1"
    hash.js "^1.0.0"
    hmac-drbg "^1.0.0"
    inherits "^2.0.1"
    minimalistic-assert "^1.0.0"
    minimalistic-crypto-utils "^1.0.0"

es-abstract@^1.13.0:
  version "1.16.0"
  resolved "https://registry.yarnpkg.com/es-abstract/-/es-abstract-1.16.0.tgz#d3a26dc9c3283ac9750dca569586e976d9dcc06d"
  integrity sha512-xdQnfykZ9JMEiasTAJZJdMWCQ1Vm00NBw79/AWi7ELfZuuPCSOMDZbT9mkOfSctVtfhb+sAAzrm+j//GjjLHLg==
  dependencies:
    es-to-primitive "^1.2.0"
    function-bind "^1.1.1"
    has "^1.0.3"
    has-symbols "^1.0.0"
    is-callable "^1.1.4"
    is-regex "^1.0.4"
    object-inspect "^1.6.0"
    object-keys "^1.1.1"
    string.prototype.trimleft "^2.1.0"
    string.prototype.trimright "^2.1.0"

es-to-primitive@^1.2.0:
  version "1.2.1"
  resolved "https://registry.yarnpkg.com/es-to-primitive/-/es-to-primitive-1.2.1.tgz#e55cd4c9cdc188bcefb03b366c736323fc5c898a"
  integrity sha512-QCOllgZJtaUo9miYBcLChTUaHNjJF3PYs1VidD7AwiEj1kYxKeQTctLAezAOH5ZKRH0g2IgPn6KwB4IT8iRpvA==
  dependencies:
    is-callable "^1.1.4"
    is-date-object "^1.0.1"
    is-symbol "^1.0.2"

ethers@^4.0.33, ethers@^4.0.39:
  version "4.0.39"
  resolved "https://registry.yarnpkg.com/ethers/-/ethers-4.0.39.tgz#5ce9dfffedb03936415743f63b37d96280886a47"
  integrity sha512-QVtC8TTUgTrnlQjQvdFJ7fkSWKwp8HVTbKRmrdbVryrPzJHMTf3WSeRNvLF2enGyAFtyHJyFNnjN0fSshcEr9w==
  dependencies:
    "@types/node" "^10.3.2"
    aes-js "3.0.0"
    bn.js "^4.4.0"
    elliptic "6.3.3"
    hash.js "1.1.3"
    js-sha3 "0.5.7"
    scrypt-js "2.0.4"
    setimmediate "1.0.4"
    uuid "2.0.1"
    xmlhttprequest "1.8.0"

flat-options@^0.1.3:
  version "0.1.3"
  resolved "https://registry.yarnpkg.com/flat-options/-/flat-options-0.1.3.tgz#56f644aaa095e5f984ecdd329f119e8a196c8aa3"
  integrity sha512-z1vH9mb4ly55dWUZZFUeLNqhFWhwSQNngHpK8RQOhFuNw/sWcNDZhkHl3GS1YTHiYxB5qvcbSRbH7X6ThzX9UA==

follow-redirects@1.5.10:
  version "1.5.10"
  resolved "https://registry.yarnpkg.com/follow-redirects/-/follow-redirects-1.5.10.tgz#7b7a9f9aea2fdff36786a94ff643ed07f4ff5e2a"
  integrity sha512-0V5l4Cizzvqt5D44aTXbFZz+FtyXV1vrDN6qrelxtfYQKW0KO0W2T/hkE8xvGa/540LkZlkaUjO4ailYTFtHVQ==
  dependencies:
    debug "=3.1.0"

function-bind@^1.1.1:
  version "1.1.1"
  resolved "https://registry.yarnpkg.com/function-bind/-/function-bind-1.1.1.tgz#a56899d3ea3c9bab874bb9773b7c5ede92f4895d"
  integrity sha512-yIovAzMX49sF8Yl58fSCWJ5svSLuaibPxXQJFLmBObTuCr0Mf1KiPopGM9NiFjiYBCbfaa2Fh6breQ6ANVTI0A==

has-symbols@^1.0.0:
  version "1.0.1"
  resolved "https://registry.yarnpkg.com/has-symbols/-/has-symbols-1.0.1.tgz#9f5214758a44196c406d9bd76cebf81ec2dd31e8"
  integrity sha512-PLcsoqu++dmEIZB+6totNFKq/7Do+Z0u4oT0zKOJNl3lYK6vGwwu2hjHs+68OEZbTjiUE9bgOABXbP/GvrS0Kg==

has@^1.0.1, has@^1.0.3:
  version "1.0.3"
  resolved "https://registry.yarnpkg.com/has/-/has-1.0.3.tgz#722d7cbfc1f6aa8241f16dd814e011e1f41e8796"
  integrity sha512-f2dvO0VU6Oej7RkWJGrehjbzMAjFp5/VKPp5tTpWIV4JHHZK1/BxbFRtf/siA2SWTe09caDmVtYYzWEIbBS4zw==
  dependencies:
    function-bind "^1.1.1"

hash.js@1.1.3:
  version "1.1.3"
  resolved "https://registry.yarnpkg.com/hash.js/-/hash.js-1.1.3.tgz#340dedbe6290187151c1ea1d777a3448935df846"
  integrity sha512-/UETyP0W22QILqS+6HowevwhEFJ3MBJnwTf75Qob9Wz9t0DPuisL8kW8YZMK62dHAKE1c1p+gY1TtOLY+USEHA==
  dependencies:
    inherits "^2.0.3"
    minimalistic-assert "^1.0.0"

hash.js@^1.0.0, hash.js@^1.0.3:
  version "1.1.7"
  resolved "https://registry.yarnpkg.com/hash.js/-/hash.js-1.1.7.tgz#0babca538e8d4ee4a0f8988d68866537a003cf42"
  integrity sha512-taOaskGt4z4SOANNseOviYDvjEJinIkRgmp7LbKP2YTTmVxWBl87s/uzK9r+44BclBSp2X7K1hqeNfz9JbBeXA==
  dependencies:
    inherits "^2.0.3"
    minimalistic-assert "^1.0.1"

hmac-drbg@^1.0.0:
  version "1.0.1"
  resolved "https://registry.yarnpkg.com/hmac-drbg/-/hmac-drbg-1.0.1.tgz#d2745701025a6c775a6c545793ed502fc0c649a1"
  integrity sha1-0nRXAQJabHdabFRXk+1QL8DGSaE=
  dependencies:
    hash.js "^1.0.3"
    minimalistic-assert "^1.0.0"
    minimalistic-crypto-utils "^1.0.1"

inherits@^2.0.1, inherits@^2.0.3:
  version "2.0.4"
  resolved "https://registry.yarnpkg.com/inherits/-/inherits-2.0.4.tgz#0fa2c64f932917c3433a0ded55363aae37416b7c"
  integrity sha512-k/vGaX4/Yla3WzyMCvTQOXYeIHvqOKtnqBduzTHpzpQZzAskKMhZ2K+EnBiSM9zGSoIFeMpXKxa4dYeZIQqewQ==

is-buffer@^2.0.2:
  version "2.0.4"
  resolved "https://registry.yarnpkg.com/is-buffer/-/is-buffer-2.0.4.tgz#3e572f23c8411a5cfd9557c849e3665e0b290623"
  integrity sha512-Kq1rokWXOPXWuaMAqZiJW4XxsmD9zGx9q4aePabbn3qCRGedtH7Cm+zV8WETitMfu1wdh+Rvd6w5egwSngUX2A==

is-callable@^1.1.4:
  version "1.1.4"
  resolved "https://registry.yarnpkg.com/is-callable/-/is-callable-1.1.4.tgz#1e1adf219e1eeb684d691f9d6a05ff0d30a24d75"
  integrity sha512-r5p9sxJjYnArLjObpjA4xu5EKI3CuKHkJXMhT7kwbpUyIFD1n5PMAsoPvWnvtZiNz7LjkYDRZhd7FlI0eMijEA==

is-date-object@^1.0.1:
  version "1.0.1"
  resolved "https://registry.yarnpkg.com/is-date-object/-/is-date-object-1.0.1.tgz#9aa20eb6aeebbff77fbd33e74ca01b33581d3a16"
  integrity sha1-mqIOtq7rv/d/vTPnTKAbM1gdOhY=

is-regex@^1.0.4:
  version "1.0.4"
  resolved "https://registry.yarnpkg.com/is-regex/-/is-regex-1.0.4.tgz#5517489b547091b0930e095654ced25ee97e9491"
  integrity sha1-VRdIm1RwkbCTDglWVM7SXul+lJE=
  dependencies:
    has "^1.0.1"

is-symbol@^1.0.2:
  version "1.0.2"
  resolved "https://registry.yarnpkg.com/is-symbol/-/is-symbol-1.0.2.tgz#a055f6ae57192caee329e7a860118b497a950f38"
  integrity sha512-HS8bZ9ox60yCJLH9snBpIwv9pYUAkcuLhSA1oero1UB5y9aiQpRA8y2ex945AOtCZL1lJDeIk3G5LthswI46Lw==
  dependencies:
    has-symbols "^1.0.0"

is-typedarray@^1.0.0:
  version "1.0.0"
  resolved "https://registry.yarnpkg.com/is-typedarray/-/is-typedarray-1.0.0.tgz#e479c80858df0c1b11ddda6940f96011fcda4a9a"
  integrity sha1-5HnICFjfDBsR3dppQPlgEfzaSpo=

js-sha256@^0.9.0:
  version "0.9.0"
  resolved "https://registry.yarnpkg.com/js-sha256/-/js-sha256-0.9.0.tgz#0b89ac166583e91ef9123644bd3c5334ce9d0966"
  integrity sha512-sga3MHh9sgQN2+pJ9VYZ+1LPwXOxuBJBA5nrR5/ofPfuiJBE2hnjsaN8se8JznOmGLN2p49Pe5U/ttafcs/apA==

js-sha3@0.5.7:
  version "0.5.7"
  resolved "https://registry.yarnpkg.com/js-sha3/-/js-sha3-0.5.7.tgz#0d4ffd8002d5333aabaf4a23eed2f6374c9f28e7"
  integrity sha1-DU/9gALVMzqrr0oj7tL2N0yfKOc=

minimalistic-assert@^1.0.0, minimalistic-assert@^1.0.1:
  version "1.0.1"
  resolved "https://registry.yarnpkg.com/minimalistic-assert/-/minimalistic-assert-1.0.1.tgz#2e194de044626d4a10e7f7fbc00ce73e83e4d5c7"
  integrity sha512-UtJcAD4yEaGtjPezWuO9wC4nwUnVH/8/Im3yEHQP4b67cXlD/Qr9hdITCU1xDbSEXg2XKNaP8jsReV7vQd00/A==

minimalistic-crypto-utils@^1.0.0, minimalistic-crypto-utils@^1.0.1:
  version "1.0.1"
  resolved "https://registry.yarnpkg.com/minimalistic-crypto-utils/-/minimalistic-crypto-utils-1.0.1.tgz#f6c00c1c0b082246e5c4d99dfb8c7c083b2b582a"
  integrity sha1-9sAMHAsIIkblxNmd+4x8CDsrWCo=

ms@2.0.0:
  version "2.0.0"
  resolved "https://registry.yarnpkg.com/ms/-/ms-2.0.0.tgz#5608aeadfc00be6c2901df5f9861788de0d597c8"
  integrity sha1-VgiurfwAvmwpAd9fmGF4jeDVl8g=

nan@^2.14.0:
  version "2.14.0"
  resolved "https://registry.yarnpkg.com/nan/-/nan-2.14.0.tgz#7818f722027b2459a86f0295d434d1fc2336c52c"
  integrity sha512-INOFj37C7k3AfaNTtX8RhsTw7qRy7eLET14cROi9+5HAVbbHuIWUHEauBv5qT4Av2tWasiTY1Jw6puUNqRJXQg==

nanoassert@^1.0.0:
  version "1.1.0"
  resolved "https://registry.yarnpkg.com/nanoassert/-/nanoassert-1.1.0.tgz#4f3152e09540fde28c76f44b19bbcd1d5a42478d"
  integrity sha1-TzFS4JVA/eKMdvRLGbvNHVpCR40=

object-inspect@^1.6.0:
  version "1.7.0"
  resolved "https://registry.yarnpkg.com/object-inspect/-/object-inspect-1.7.0.tgz#f4f6bd181ad77f006b5ece60bd0b6f398ff74a67"
  integrity sha512-a7pEHdh1xKIAgTySUGgLMx/xwDZskN1Ud6egYYN3EdRW4ZMPNEDUTF+hwy2LUC+Bl+SyLXANnwz/jyh/qutKUw==

object-keys@^1.0.12, object-keys@^1.1.1:
  version "1.1.1"
  resolved "https://registry.yarnpkg.com/object-keys/-/object-keys-1.1.1.tgz#1c47f272df277f3b1daf061677d9c82e2322c60e"
  integrity sha512-NuAESUOUMrlIXOfHKzD6bpPu3tYt3xvjNdRIQ+FeT0lNb4K8WR70CaDxhuNguS2XG+GjkyMwOzsN5ZktImfhLA==

promise-controller@^0.5.2:
  version "0.5.2"
  resolved "https://registry.yarnpkg.com/promise-controller/-/promise-controller-0.5.2.tgz#f32d2156dc1f8e62703bf9fb0b8158335660c212"
  integrity sha512-ymVCGfCxN+A+6TqESLnGZhGfQdQJ08SpIMyft4xQPUDrOgoqzKcQnLIYaqQk7/rPyg4wpKpxBKefeGkvumWgUg==

promise.prototype.finally@^3.1.0:
  version "3.1.1"
  resolved "https://registry.yarnpkg.com/promise.prototype.finally/-/promise.prototype.finally-3.1.1.tgz#cb279d3a5020ca6403b3d92357f8e22d50ed92aa"
  integrity sha512-gnt8tThx0heJoI3Ms8a/JdkYBVhYP/wv+T7yQimR+kdOEJL21xTFbiJhMRqnSPcr54UVvMbsscDk2w+ivyaLPw==
  dependencies:
    define-properties "^1.1.3"
    es-abstract "^1.13.0"
    function-bind "^1.1.1"

scrypt-js@2.0.4:
  version "2.0.4"
  resolved "https://registry.yarnpkg.com/scrypt-js/-/scrypt-js-2.0.4.tgz#32f8c5149f0797672e551c07e230f834b6af5f16"
  integrity sha512-4KsaGcPnuhtCZQCxFxN3GVYIhKFPTdLd8PLC552XwbMndtD0cjRFAhDuuydXQ0h08ZfPgzqe6EKHozpuH74iDw==

setimmediate@1.0.4:
  version "1.0.4"
  resolved "https://registry.yarnpkg.com/setimmediate/-/setimmediate-1.0.4.tgz#20e81de622d4a02588ce0c8da8973cbcf1d3138f"
  integrity sha1-IOgd5iLUoCWIzgyNqJc8vPHTE48=

string.prototype.trimleft@^2.1.0:
  version "2.1.0"
  resolved "https://registry.yarnpkg.com/string.prototype.trimleft/-/string.prototype.trimleft-2.1.0.tgz#6cc47f0d7eb8d62b0f3701611715a3954591d634"
  integrity sha512-FJ6b7EgdKxxbDxc79cOlok6Afd++TTs5szo+zJTUyow3ycrRfJVE2pq3vcN53XexvKZu/DJMDfeI/qMiZTrjTw==
  dependencies:
    define-properties "^1.1.3"
    function-bind "^1.1.1"

string.prototype.trimright@^2.1.0:
  version "2.1.0"
  resolved "https://registry.yarnpkg.com/string.prototype.trimright/-/string.prototype.trimright-2.1.0.tgz#669d164be9df9b6f7559fa8e89945b168a5a6c58"
  integrity sha512-fXZTSV55dNBwv16uw+hh5jkghxSnc5oHq+5K/gXgizHwAvMetdAJlHqqoFC1FSDVPYWLkAKl2cxpUT41sV7nSg==
  dependencies:
    define-properties "^1.1.3"
    function-bind "^1.1.1"

typedarray-to-buffer@^3.1.5:
  version "3.1.5"
  resolved "https://registry.yarnpkg.com/typedarray-to-buffer/-/typedarray-to-buffer-3.1.5.tgz#a97ee7a9ff42691b9f783ff1bc5112fe3fca9080"
  integrity sha512-zdu8XMNEDepKKR+XYOXAVPtWui0ly0NtohUscw+UmaHiAWT8hrV1rr//H6V+0DvJ3OQ19S979M0laLfX8rm82Q==
  dependencies:
    is-typedarray "^1.0.0"

uuid@2.0.1:
  version "2.0.1"
  resolved "https://registry.yarnpkg.com/uuid/-/uuid-2.0.1.tgz#c2a30dedb3e535d72ccf82e343941a50ba8533ac"
  integrity sha1-wqMN7bPlNdcsz4LjQ5QaULqFM6w=

websocket-as-promised@^0.10.1:
  version "0.10.1"
  resolved "https://registry.yarnpkg.com/websocket-as-promised/-/websocket-as-promised-0.10.1.tgz#30aef1529fc7e797b8270875a408d83264e52958"
  integrity sha512-hKAZPSIGaao4WPoporPkDQpKl9jz0I0Hh9x/Dn05k6u//e44+0rAhMam4/gvBlYZl02wJYELD561bAenyxwJJQ==
  dependencies:
    chnl "^0.5.0"
    flat-options "^0.1.3"
    promise-controller "^0.5.2"
    promise.prototype.finally "^3.1.0"

websocket@^1.0.30:
  version "1.0.30"
  resolved "https://registry.yarnpkg.com/websocket/-/websocket-1.0.30.tgz#91d3bd00c3d43e916f0cf962f8f8c451bb0b2373"
  integrity sha512-aO6klgaTdSMkhfl5VVJzD5fm+Srhh5jLYbS15+OiI1sN6h/RU/XW6WN9J1uVIpUKNmsTvT3Hs35XAFjn9NMfOw==
  dependencies:
    debug "^2.2.0"
    nan "^2.14.0"
    typedarray-to-buffer "^3.1.5"
    yaeti "^0.0.6"

xmlhttprequest@1.8.0:
  version "1.8.0"
  resolved "https://registry.yarnpkg.com/xmlhttprequest/-/xmlhttprequest-1.8.0.tgz#67fe075c5c24fef39f9d65f5f7b7fe75171968fc"
  integrity sha1-Z/4HXFwk/vOfnWX197f+dRcZaPw=

yaeti@^0.0.6:
  version "0.0.6"
  resolved "https://registry.yarnpkg.com/yaeti/-/yaeti-0.0.6.tgz#f26f484d72684cf42bedfb76970aa1608fbf9577"
  integrity sha1-8m9ITXJoTPQr7ft2lwqhYI+/lXc=

zksync@^0.2.0:
  version "0.2.0"
  resolved "https://registry.yarnpkg.com/zksync/-/zksync-0.2.0.tgz#10ac36c5a128005924611207654a5d9e29537e26"
  integrity sha512-B44LeN8CQJGRf5Ix1OdHLfjXbpgctgEpYlo9QV04bNXsKdezx4hl3nUgbh+ANlcQIXbXTe9uWV1TVGKxDKXP5A==
  dependencies:
    axios "^0.19.0"
    blake2b "^2.1.3"
    bn.js "^5.0.0"
    crypto-js "^3.1.9-1"
    elliptic "^6.5.0"
    ethers "^4.0.33"
    js-sha256 "^0.9.0"
    websocket "^1.0.30"
    websocket-as-promised "^0.10.1"
