{
  "name": "loadtest",
  "version": "1.0.0",
  "lockfileVersion": 1,
  "requires": true,
  "dependencies": {
    "nan": {
      "version": "2.13.2",
      "resolved": "https://registry.npmjs.org/nan/-/nan-2.13.2.tgz",
      "integrity": "sha512-TghvYc72wlMGMVMluVo9WRJc0mB8KxxF/gZ4YYFy7V2ZQX9l7rgbPg7vjS9mt6U5HXODVFVI2bOduCzwOMv/lw=="
    },
    "sleep": {
      "version": "6.0.0",
      "resolved": "https://registry.npmjs.org/sleep/-/sleep-6.0.0.tgz",
      "integrity": "sha512-341eCKt4pBdfrE13TdUaRdhHk0CfoDOqHRnQxlKalI0dAuVij6M88MGOaW5l98s5hdc9VWwVvgJovLzejkuwTQ==",
      "requires": {
        "nan": "^2.12.1"
      }
    }
  }
}
