# THIS IS AN AUTOGENERATED FILE. DO NOT EDIT THIS FILE DIRECTLY.
# yarn lockfile v1


"@types/node@^10.3.2":
  version "10.14.6"
  resolved "https://registry.yarnpkg.com/@types/node/-/node-10.14.6.tgz#9cbfcb62c50947217f4d88d4d274cc40c22625a9"

aes-js@3.0.0:
  version "3.0.0"
  resolved "https://registry.yarnpkg.com/aes-js/-/aes-js-3.0.0.tgz#e21df10ad6c2053295bcbb8dab40b09dbea87e4d"

axios@^0.18.0:
  version "0.18.0"
  resolved "https://registry.yarnpkg.com/axios/-/axios-0.18.0.tgz#32d53e4851efdc0a11993b6cd000789d70c05102"
  dependencies:
    follow-redirects "^1.3.0"
    is-buffer "^1.1.5"

babel-runtime@^6.26.0:
  version "6.26.0"
  resolved "https://registry.yarnpkg.com/babel-runtime/-/babel-runtime-6.26.0.tgz#965c7058668e82b55d7bfe04ff2337bc8b5647fe"
  dependencies:
    core-js "^2.4.0"
    regenerator-runtime "^0.11.0"

base64-js@^1.0.2:
  version "1.3.0"
  resolved "https://registry.yarnpkg.com/base64-js/-/base64-js-1.3.0.tgz#cab1e6118f051095e58b5281aea8c1cd22bfc0e3"

bn.js@4.11.6:
  version "4.11.6"
  resolved "https://registry.yarnpkg.com/bn.js/-/bn.js-4.11.6.tgz#53344adb14617a13f6e8dd2ce28905d1c0ba3215"

bn.js@^4.11.8, bn.js@^4.4.0:
  version "4.11.8"
  resolved "https://registry.yarnpkg.com/bn.js/-/bn.js-4.11.8.tgz#2cde09eb5ee341f484746bb0309b3253b1b1442f"

brorand@^1.0.1:
  version "1.1.0"
  resolved "https://registry.yarnpkg.com/brorand/-/brorand-1.1.0.tgz#12c25efe40a45e3c323eb8675a0a0ce57b22371f"

buffer@^5.2.1:
  version "5.2.1"
  resolved "https://registry.yarnpkg.com/buffer/-/buffer-5.2.1.tgz#dd57fa0f109ac59c602479044dca7b8b3d0b71d6"
  dependencies:
    base64-js "^1.0.2"
    ieee754 "^1.1.4"

core-js@^2.4.0:
  version "2.6.5"
  resolved "https://registry.yarnpkg.com/core-js/-/core-js-2.6.5.tgz#44bc8d249e7fb2ff5d00e0341a7ffb94fbf67895"

debug@^3.2.6:
  version "3.2.6"
  resolved "https://registry.yarnpkg.com/debug/-/debug-3.2.6.tgz#e83d17de16d8a7efb7717edbe5fb10135eee629b"
  dependencies:
    ms "^2.1.1"

elliptic@6.3.3:
  version "6.3.3"
  resolved "https://registry.yarnpkg.com/elliptic/-/elliptic-6.3.3.tgz#5482d9646d54bcb89fd7d994fc9e2e9568876e3f"
  dependencies:
    bn.js "^4.4.0"
    brorand "^1.0.1"
    hash.js "^1.0.0"
    inherits "^2.0.1"

ethers@^4.0.20:
  version "4.0.27"
  resolved "https://registry.yarnpkg.com/ethers/-/ethers-4.0.27.tgz#e570b0da9d805ad65c83d81919abe02b2264c6bf"
  dependencies:
    "@types/node" "^10.3.2"
    aes-js "3.0.0"
    bn.js "^4.4.0"
    elliptic "6.3.3"
    hash.js "1.1.3"
    js-sha3 "0.5.7"
    scrypt-js "2.0.4"
    setimmediate "1.0.4"
    uuid "2.0.1"
    xmlhttprequest "1.8.0"

ethjs-abi@0.2.0:
  version "0.2.0"
  resolved "https://registry.yarnpkg.com/ethjs-abi/-/ethjs-abi-0.2.0.tgz#d3e2c221011520fc499b71682036c14fcc2f5b25"
  dependencies:
    bn.js "4.11.6"
    js-sha3 "0.5.5"
    number-to-bn "1.7.0"

ethjs-abi@0.2.1:
  version "0.2.1"
  resolved "https://registry.yarnpkg.com/ethjs-abi/-/ethjs-abi-0.2.1.tgz#e0a7a93a7e81163a94477bad56ede524ab6de533"
  dependencies:
    bn.js "4.11.6"
    js-sha3 "0.5.5"
    number-to-bn "1.7.0"

ethjs-contract@0.2.3:
  version "0.2.3"
  resolved "https://registry.yarnpkg.com/ethjs-contract/-/ethjs-contract-0.2.3.tgz#f113ced8ed1c9c635b0b7ec71901340b64e8cded"
  dependencies:
    babel-runtime "^6.26.0"
    ethjs-abi "0.2.0"
    ethjs-filter "0.1.8"
    ethjs-util "0.1.3"
    js-sha3 "0.5.5"

ethjs-filter@0.1.8:
  version "0.1.8"
  resolved "https://registry.yarnpkg.com/ethjs-filter/-/ethjs-filter-0.1.8.tgz#2b02726b820ed4dd3860614d185c0c0f7ed1747f"

ethjs-format@0.2.7:
  version "0.2.7"
  resolved "https://registry.yarnpkg.com/ethjs-format/-/ethjs-format-0.2.7.tgz#20c92f31c259a381588d069830d838b489774b86"
  dependencies:
    bn.js "4.11.6"
    ethjs-schema "0.2.1"
    ethjs-util "0.1.3"
    is-hex-prefixed "1.0.0"
    number-to-bn "1.7.0"
    strip-hex-prefix "1.0.0"

ethjs-provider-http@0.1.6:
  version "0.1.6"
  resolved "https://registry.yarnpkg.com/ethjs-provider-http/-/ethjs-provider-http-0.1.6.tgz#1ec5d9b4be257ef1d56a500b22a741985e889420"
  dependencies:
    xhr2 "0.1.3"

ethjs-query@0.3.8:
  version "0.3.8"
  resolved "https://registry.yarnpkg.com/ethjs-query/-/ethjs-query-0.3.8.tgz#aa5af02887bdd5f3c78b3256d0f22ffd5d357490"
  dependencies:
    babel-runtime "^6.26.0"
    ethjs-format "0.2.7"
    ethjs-rpc "0.2.0"
    promise-to-callback "^1.0.0"

ethjs-rpc@0.2.0:
  version "0.2.0"
  resolved "https://registry.yarnpkg.com/ethjs-rpc/-/ethjs-rpc-0.2.0.tgz#3d0011e32cfff156ed6147818c6fb8f801701b4c"
  dependencies:
    promise-to-callback "^1.0.0"

ethjs-schema@0.2.1:
  version "0.2.1"
  resolved "https://registry.yarnpkg.com/ethjs-schema/-/ethjs-schema-0.2.1.tgz#47e138920421453617069034684642e26bb310f4"

ethjs-unit@0.1.6:
  version "0.1.6"
  resolved "https://registry.yarnpkg.com/ethjs-unit/-/ethjs-unit-0.1.6.tgz#c665921e476e87bce2a9d588a6fe0405b2c41699"
  dependencies:
    bn.js "4.11.6"
    number-to-bn "1.7.0"

ethjs-util@0.1.3:
  version "0.1.3"
  resolved "https://registry.yarnpkg.com/ethjs-util/-/ethjs-util-0.1.3.tgz#dfd5ea4a400dc5e421a889caf47e081ada78bb55"
  dependencies:
    is-hex-prefixed "1.0.0"
    strip-hex-prefix "1.0.0"

ethjs-util@^0.1.6:
  version "0.1.6"
  resolved "https://registry.yarnpkg.com/ethjs-util/-/ethjs-util-0.1.6.tgz#f308b62f185f9fe6237132fb2a9818866a5cd536"
  dependencies:
    is-hex-prefixed "1.0.0"
    strip-hex-prefix "1.0.0"

ethjs@^0.4.0:
  version "0.4.0"
  resolved "https://registry.yarnpkg.com/ethjs/-/ethjs-0.4.0.tgz#53e6312b6fe050620bd6c5813cb683191cfd6e4a"
  dependencies:
    bn.js "4.11.6"
    ethjs-abi "0.2.1"
    ethjs-contract "0.2.3"
    ethjs-filter "0.1.8"
    ethjs-provider-http "0.1.6"
    ethjs-query "0.3.8"
    ethjs-unit "0.1.6"
    ethjs-util "0.1.3"
    js-sha3 "0.5.5"
    number-to-bn "1.7.0"

follow-redirects@^1.3.0:
  version "1.7.0"
  resolved "https://registry.yarnpkg.com/follow-redirects/-/follow-redirects-1.7.0.tgz#489ebc198dc0e7f64167bd23b03c4c19b5784c76"
  dependencies:
    debug "^3.2.6"

hash.js@1.1.3:
  version "1.1.3"
  resolved "https://registry.yarnpkg.com/hash.js/-/hash.js-1.1.3.tgz#340dedbe6290187151c1ea1d777a3448935df846"
  dependencies:
    inherits "^2.0.3"
    minimalistic-assert "^1.0.0"

hash.js@^1.0.0:
  version "1.1.7"
  resolved "https://registry.yarnpkg.com/hash.js/-/hash.js-1.1.7.tgz#0babca538e8d4ee4a0f8988d68866537a003cf42"
  dependencies:
    inherits "^2.0.3"
    minimalistic-assert "^1.0.1"

ieee754@^1.1.4:
  version "1.1.13"
  resolved "https://registry.yarnpkg.com/ieee754/-/ieee754-1.1.13.tgz#ec168558e95aa181fd87d37f55c32bbcb6708b84"

inherits@^2.0.1, inherits@^2.0.3:
  version "2.0.3"
  resolved "https://registry.yarnpkg.com/inherits/-/inherits-2.0.3.tgz#633c2c83e3da42a502f52466022480f4208261de"

is-buffer@^1.1.5:
  version "1.1.6"
  resolved "https://registry.yarnpkg.com/is-buffer/-/is-buffer-1.1.6.tgz#efaa2ea9daa0d7ab2ea13a97b2b8ad51fefbe8be"

is-fn@^1.0.0:
  version "1.0.0"
  resolved "https://registry.yarnpkg.com/is-fn/-/is-fn-1.0.0.tgz#9543d5de7bcf5b08a22ec8a20bae6e286d510d8c"

is-hex-prefixed@1.0.0:
  version "1.0.0"
  resolved "https://registry.yarnpkg.com/is-hex-prefixed/-/is-hex-prefixed-1.0.0.tgz#7d8d37e6ad77e5d127148913c573e082d777f554"

js-sha3@0.5.5:
  version "0.5.5"
  resolved "https://registry.yarnpkg.com/js-sha3/-/js-sha3-0.5.5.tgz#baf0c0e8c54ad5903447df96ade7a4a1bca79a4a"

js-sha3@0.5.7:
  version "0.5.7"
  resolved "https://registry.yarnpkg.com/js-sha3/-/js-sha3-0.5.7.tgz#0d4ffd8002d5333aabaf4a23eed2f6374c9f28e7"

js-sha3@^0.8.0:
  version "0.8.0"
  resolved "https://registry.yarnpkg.com/js-sha3/-/js-sha3-0.8.0.tgz#b9b7a5da73afad7dedd0f8c463954cbde6818840"

minimalistic-assert@^1.0.0, minimalistic-assert@^1.0.1:
  version "1.0.1"
  resolved "https://registry.yarnpkg.com/minimalistic-assert/-/minimalistic-assert-1.0.1.tgz#2e194de044626d4a10e7f7fbc00ce73e83e4d5c7"

ms@^2.1.1:
  version "2.1.1"
  resolved "https://registry.yarnpkg.com/ms/-/ms-2.1.1.tgz#30a5864eb3ebb0a66f2ebe6d727af06a09d86e0a"

number-to-bn@1.7.0:
  version "1.7.0"
  resolved "https://registry.yarnpkg.com/number-to-bn/-/number-to-bn-1.7.0.tgz#bb3623592f7e5f9e0030b1977bd41a0c53fe1ea0"
  dependencies:
    bn.js "4.11.6"
    strip-hex-prefix "1.0.0"

promise-to-callback@^1.0.0:
  version "1.0.0"
  resolved "https://registry.yarnpkg.com/promise-to-callback/-/promise-to-callback-1.0.0.tgz#5d2a749010bfb67d963598fcd3960746a68feef7"
  dependencies:
    is-fn "^1.0.0"
    set-immediate-shim "^1.0.1"

regenerator-runtime@^0.11.0:
  version "0.11.1"
  resolved "https://registry.yarnpkg.com/regenerator-runtime/-/regenerator-runtime-0.11.1.tgz#be05ad7f9bf7d22e056f9726cee5017fbf19e2e9"

scrypt-js@2.0.4:
  version "2.0.4"
  resolved "https://registry.yarnpkg.com/scrypt-js/-/scrypt-js-2.0.4.tgz#32f8c5149f0797672e551c07e230f834b6af5f16"

set-immediate-shim@^1.0.1:
  version "1.0.1"
  resolved "https://registry.yarnpkg.com/set-immediate-shim/-/set-immediate-shim-1.0.1.tgz#4b2b1b27eb808a9f8dcc481a58e5e56f599f3f61"

setimmediate@1.0.4:
  version "1.0.4"
  resolved "https://registry.yarnpkg.com/setimmediate/-/setimmediate-1.0.4.tgz#20e81de622d4a02588ce0c8da8973cbcf1d3138f"

strip-hex-prefix@1.0.0:
  version "1.0.0"
  resolved "https://registry.yarnpkg.com/strip-hex-prefix/-/strip-hex-prefix-1.0.0.tgz#0c5f155fef1151373377de9dbb588da05500e36f"
  dependencies:
    is-hex-prefixed "1.0.0"

uuid@2.0.1:
  version "2.0.1"
  resolved "https://registry.yarnpkg.com/uuid/-/uuid-2.0.1.tgz#c2a30dedb3e535d72ccf82e343941a50ba8533ac"

xhr2@0.1.3:
  version "0.1.3"
  resolved "https://registry.yarnpkg.com/xhr2/-/xhr2-0.1.3.tgz#cbfc4759a69b4a888e78cf4f20b051038757bd11"

xmlhttprequest@1.8.0:
  version "1.8.0"
  resolved "https://registry.yarnpkg.com/xmlhttprequest/-/xmlhttprequest-1.8.0.tgz#67fe075c5c24fef39f9d65f5f7b7fe75171968fc"
